{
  "version": 4,
  "terraform_version": "1.5.1",
  "serial": 99,
  "lineage": "4a476792-e812-5637-c629-12e94be148f4",
  "outputs": {
    "Instances-keypair": {
      "value": "anael1",
      "type": "string"
    },
    "Jenkins-AMI": {
      "value": "ami-05a36e1502605b4aa",
      "type": "string"
    },
    "bastion-ip": {
      "value": "3.145.74.199",
      "type": "string"
    },
    "jenkins-az": {
      "value": "us-east-2b",
      "type": "string"
    },
    "jenkins-ip": {
      "value": "192.168.4.115",
      "type": "string"
    },
    "jenkins-subnet-id": {
      "value": "subnet-018fa5376dc3ca1e9",
      "type": "string"
    }
  },
  "resources": [
    {
      "mode": "data",
      "type": "aws_route53_zone",
      "name": "public",
      "provider": "provider[\"registry.terraform.io/hashicorp/aws\"]",
      "instances": [
        {
          "schema_version": 0,
          "attributes": {
            "arn": "arn:aws:route53:::hostedzone/Z01286751JVQV1HHVOYWU",
            "caller_reference": "RISWorkflow-RD:6aac5cb6-05bd-43f9-a5e8-e4162d36c1bb",
            "comment": "HostedZone created by Route53 Registrar",
            "id": "Z01286751JVQV1HHVOYWU",
            "linked_service_description": null,
            "linked_service_principal": null,
            "name": "anaeleboo.com",
            "name_servers": [
              "ns-115.awsdns-14.com",
              "ns-1652.awsdns-14.co.uk",
              "ns-811.awsdns-37.net",
              "ns-1281.awsdns-32.org"
            ],
            "primary_name_server": "ns-115.awsdns-14.com",
            "private_zone": false,
            "resource_record_set_count": 12,
            "tags": {},
            "vpc_id": null,
            "zone_id": "Z01286751JVQV1HHVOYWU"
          },
          "sensitive_attributes": []
        }
      ]
    },
    {
      "mode": "managed",
      "type": "aws_acm_certificate",
      "name": "api",
      "provider": "provider[\"registry.terraform.io/hashicorp/aws\"]",
      "instances": [
        {
          "schema_version": 0,
          "attributes": {
            "arn": "arn:aws:acm:us-east-2:729855611727:certificate/4a6266d7-d9fe-4600-9d05-109abaa09f28",
            "certificate_authority_arn": "",
            "certificate_body": null,
            "certificate_chain": null,
            "domain_name": "jenkins.anaeleboo.com",
            "domain_validation_options": [
              {
                "domain_name": "jenkins.anaeleboo.com",
                "resource_record_name": "_8b6bbcaf2965616fe16f6571ea1c0b91.jenkins.anaeleboo.com.",
                "resource_record_type": "CNAME",
                "resource_record_value": "_01801f68a580a18772cb22ca0281ca5a.htgdxnmnnj.acm-validations.aws."
              }
            ],
            "early_renewal_duration": "",
            "id": "arn:aws:acm:us-east-2:729855611727:certificate/4a6266d7-d9fe-4600-9d05-109abaa09f28",
            "key_algorithm": "RSA_2048",
            "not_after": "2024-08-05T23:59:59Z",
            "not_before": "2023-07-08T00:00:00Z",
            "options": [
              {
                "certificate_transparency_logging_preference": "ENABLED"
              }
            ],
            "pending_renewal": false,
            "private_key": null,
            "renewal_eligibility": "ELIGIBLE",
            "renewal_summary": [],
            "status": "ISSUED",
            "subject_alternative_names": [
              "jenkins.anaeleboo.com"
            ],
            "tags": {},
            "tags_all": {},
            "type": "AMAZON_ISSUED",
            "validation_emails": [],
            "validation_method": "DNS",
            "validation_option": []
          },
          "sensitive_attributes": [],
          "private": "bnVsbA=="
        }
      ]
    },
    {
      "mode": "managed",
      "type": "aws_acm_certificate_validation",
      "name": "api",
      "provider": "provider[\"registry.terraform.io/hashicorp/aws\"]",
      "instances": [
        {
          "schema_version": 0,
          "attributes": {
            "certificate_arn": "arn:aws:acm:us-east-2:729855611727:certificate/4a6266d7-d9fe-4600-9d05-109abaa09f28",
            "id": "2023-07-08 06:34:01.432 +0000 UTC",
            "timeouts": null,
            "validation_record_fqdns": [
              "_8b6bbcaf2965616fe16f6571ea1c0b91.jenkins.anaeleboo.com"
            ]
          },
          "sensitive_attributes": [],
          "private": "eyJlMmJmYjczMC1lY2FhLTExZTYtOGY4OC0zNDM2M2JjN2M0YzAiOnsiY3JlYXRlIjo0NTAwMDAwMDAwMDAwfX0=",
          "dependencies": [
            "aws_acm_certificate.api",
            "aws_route53_record.api_validation",
            "data.aws_route53_zone.public"
          ]
        }
      ]
    },
    {
      "mode": "managed",
      "type": "aws_eip",
      "name": "eip",
      "provider": "provider[\"registry.terraform.io/hashicorp/aws\"]",
      "instances": [
        {
          "schema_version": 0,
          "attributes": {
            "address": null,
            "allocation_id": "eipalloc-01a285ae5c3d29a1c",
            "associate_with_private_ip": null,
            "association_id": "eipassoc-03d4a00dcfaad66ad",
            "carrier_ip": "",
            "customer_owned_ip": "",
            "customer_owned_ipv4_pool": "",
            "domain": "vpc",
            "id": "eipalloc-01a285ae5c3d29a1c",
            "instance": "",
            "network_border_group": "us-east-2",
            "network_interface": "eni-013f8887ff18d51c8",
            "private_dns": "ip-192-168-3-188.us-east-2.compute.internal",
            "private_ip": "192.168.3.188",
            "public_dns": "ec2-18-220-201-103.us-east-2.compute.amazonaws.com",
            "public_ip": "18.220.201.103",
            "public_ipv4_pool": "amazon",
            "tags": {},
            "tags_all": {},
            "timeouts": null,
            "vpc": true
          },
          "sensitive_attributes": [],
          "private": "eyJlMmJmYjczMC1lY2FhLTExZTYtOGY4OC0zNDM2M2JjN2M0YzAiOnsiZGVsZXRlIjoxODAwMDAwMDAwMDAsInJlYWQiOjkwMDAwMDAwMDAwMCwidXBkYXRlIjozMDAwMDAwMDAwMDB9fQ=="
        }
      ]
    },
    {
      "mode": "managed",
      "type": "aws_iam_instance_profile",
      "name": "jenkins",
      "provider": "provider[\"registry.terraform.io/hashicorp/aws\"]",
      "instances": [
        {
          "schema_version": 0,
          "attributes": {
            "arn": "arn:aws:iam::729855611727:instance-profile/profile",
            "create_date": "2023-07-08T05:06:04Z",
            "id": "profile",
            "name": "profile",
            "name_prefix": null,
            "path": "/",
            "role": "jenkins-role",
            "tags": {},
            "tags_all": {},
            "unique_id": "AIPA2T3WI2NH327MSOMIZ"
          },
          "sensitive_attributes": [],
          "private": "bnVsbA=="
        }
      ]
    },
    {
      "mode": "managed",
      "type": "aws_instance",
      "name": "bastion",
      "provider": "provider[\"registry.terraform.io/hashicorp/aws\"]",
      "instances": [
        {
          "schema_version": 1,
          "attributes": {
            "ami": "ami-05a36e1502605b4aa",
            "arn": "arn:aws:ec2:us-east-2:729855611727:instance/i-0b2c00c8a7ede8309",
            "associate_public_ip_address": true,
            "availability_zone": "us-east-2a",
            "capacity_reservation_specification": [
              {
                "capacity_reservation_preference": "open",
                "capacity_reservation_target": []
              }
            ],
            "cpu_core_count": 1,
            "cpu_threads_per_core": 1,
            "credit_specification": [
              {
                "cpu_credits": "standard"
              }
            ],
            "disable_api_stop": false,
            "disable_api_termination": false,
            "ebs_block_device": [],
            "ebs_optimized": false,
            "enclave_options": [
              {
                "enabled": false
              }
            ],
            "ephemeral_block_device": [],
            "get_password_data": false,
            "hibernation": false,
            "host_id": "",
            "host_resource_group_arn": null,
            "iam_instance_profile": "",
            "id": "i-0b2c00c8a7ede8309",
            "instance_initiated_shutdown_behavior": "stop",
            "instance_state": "running",
            "instance_type": "t2.micro",
            "ipv6_address_count": 0,
            "ipv6_addresses": [],
            "key_name": "anael1",
            "launch_template": [],
            "maintenance_options": [
              {
                "auto_recovery": "default"
              }
            ],
            "metadata_options": [
              {
                "http_endpoint": "enabled",
                "http_put_response_hop_limit": 1,
                "http_tokens": "optional",
                "instance_metadata_tags": "disabled"
              }
            ],
            "monitoring": false,
            "network_interface": [],
            "outpost_arn": "",
            "password_data": "",
            "placement_group": "",
            "placement_partition_number": 0,
            "primary_network_interface_id": "eni-0ec7f3043c2b20a64",
            "private_dns": "ip-192-168-1-202.us-east-2.compute.internal",
            "private_dns_name_options": [
              {
                "enable_resource_name_dns_a_record": false,
                "enable_resource_name_dns_aaaa_record": false,
                "hostname_type": "ip-name"
              }
            ],
            "private_ip": "192.168.1.202",
            "public_dns": "",
            "public_ip": "3.145.74.199",
            "root_block_device": [
              {
                "delete_on_termination": true,
                "device_name": "/dev/sda1",
                "encrypted": false,
                "iops": 100,
                "kms_key_id": "",
                "tags": {},
                "throughput": 0,
                "volume_id": "vol-09fbc90f7ef217cdf",
                "volume_size": 10,
                "volume_type": "gp2"
              }
            ],
            "secondary_private_ips": [],
            "security_groups": [],
            "source_dest_check": true,
            "subnet_id": "subnet-05565502ad0dfe34d",
            "tags": {
              "Name": "Batsion-ec2"
            },
            "tags_all": {
              "Name": "Batsion-ec2"
            },
            "tenancy": "default",
            "timeouts": null,
            "user_data": null,
            "user_data_base64": null,
            "user_data_replace_on_change": false,
            "volume_tags": null,
            "vpc_security_group_ids": [
              "sg-0e842435db04b1ef8"
            ]
          },
          "sensitive_attributes": [],
          "private": "eyJlMmJmYjczMC1lY2FhLTExZTYtOGY4OC0zNDM2M2JjN2M0YzAiOnsiY3JlYXRlIjo2MDAwMDAwMDAwMDAsImRlbGV0ZSI6MTIwMDAwMDAwMDAwMCwidXBkYXRlIjo2MDAwMDAwMDAwMDB9LCJzY2hlbWFfdmVyc2lvbiI6IjEifQ==",
          "dependencies": [
            "aws_security_group.bastion",
            "aws_subnet.public-bastion",
            "aws_vpc.jenkins"
          ]
        }
      ]
    },
    {
      "mode": "managed",
      "type": "aws_instance",
      "name": "jenkins",
      "provider": "provider[\"registry.terraform.io/hashicorp/aws\"]",
      "instances": [
        {
          "schema_version": 1,
          "attributes": {
            "ami": "ami-05a36e1502605b4aa",
            "arn": "arn:aws:ec2:us-east-2:729855611727:instance/i-000a1d937bb10a00c",
            "associate_public_ip_address": false,
            "availability_zone": "us-east-2b",
            "capacity_reservation_specification": [
              {
                "capacity_reservation_preference": "open",
                "capacity_reservation_target": []
              }
            ],
            "cpu_core_count": 8,
            "cpu_threads_per_core": 1,
            "credit_specification": [
              {
                "cpu_credits": "standard"
              }
            ],
            "disable_api_stop": false,
            "disable_api_termination": false,
            "ebs_block_device": [],
            "ebs_optimized": false,
            "enclave_options": [
              {
                "enabled": false
              }
            ],
            "ephemeral_block_device": [],
            "get_password_data": false,
            "hibernation": false,
            "host_id": "",
            "host_resource_group_arn": null,
            "iam_instance_profile": "profile",
            "id": "i-000a1d937bb10a00c",
            "instance_initiated_shutdown_behavior": "stop",
            "instance_state": "running",
            "instance_type": "t2.2xlarge",
            "ipv6_address_count": 0,
            "ipv6_addresses": [],
            "key_name": "anael1",
            "launch_template": [],
            "maintenance_options": [
              {
                "auto_recovery": "default"
              }
            ],
            "metadata_options": [
              {
                "http_endpoint": "enabled",
                "http_put_response_hop_limit": 1,
                "http_tokens": "optional",
                "instance_metadata_tags": "disabled"
              }
            ],
            "monitoring": false,
            "network_interface": [],
            "outpost_arn": "",
            "password_data": "",
            "placement_group": "",
            "placement_partition_number": 0,
            "primary_network_interface_id": "eni-081e1ec359344e729",
            "private_dns": "ip-192-168-4-115.us-east-2.compute.internal",
            "private_dns_name_options": [
              {
                "enable_resource_name_dns_a_record": false,
                "enable_resource_name_dns_aaaa_record": false,
                "hostname_type": "ip-name"
              }
            ],
            "private_ip": "192.168.4.115",
            "public_dns": "",
            "public_ip": "",
            "root_block_device": [
              {
                "delete_on_termination": true,
                "device_name": "/dev/sda1",
                "encrypted": false,
                "iops": 100,
                "kms_key_id": "",
                "tags": {},
                "throughput": 0,
                "volume_id": "vol-08e1423409ce1e48e",
                "volume_size": 10,
                "volume_type": "gp2"
              }
            ],
            "secondary_private_ips": [],
            "security_groups": [],
            "source_dest_check": true,
            "subnet_id": "subnet-018fa5376dc3ca1e9",
            "tags": {
              "Name": "jenkins-ec2"
            },
            "tags_all": {
              "Name": "jenkins-ec2"
            },
            "tenancy": "default",
            "timeouts": null,
            "user_data": null,
            "user_data_base64": null,
            "user_data_replace_on_change": false,
            "volume_tags": null,
            "vpc_security_group_ids": [
              "sg-0962f6a385aa48bf4"
            ]
          },
          "sensitive_attributes": [],
          "private": "eyJlMmJmYjczMC1lY2FhLTExZTYtOGY4OC0zNDM2M2JjN2M0YzAiOnsiY3JlYXRlIjo2MDAwMDAwMDAwMDAsImRlbGV0ZSI6MTIwMDAwMDAwMDAwMCwidXBkYXRlIjo2MDAwMDAwMDAwMDB9LCJzY2hlbWFfdmVyc2lvbiI6IjEifQ==",
          "dependencies": [
            "aws_iam_instance_profile.jenkins",
            "aws_security_group.bastion",
            "aws_security_group.jenkins",
            "aws_security_group.lb",
            "aws_subnet.jenkins",
            "aws_vpc.jenkins"
          ]
        }
      ]
    },
    {
      "mode": "managed",
      "type": "aws_internet_gateway",
      "name": "igw",
      "provider": "provider[\"registry.terraform.io/hashicorp/aws\"]",
      "instances": [
        {
          "schema_version": 0,
          "attributes": {
            "arn": "arn:aws:ec2:us-east-2:729855611727:internet-gateway/igw-0ab86d3fad36f09ec",
            "id": "igw-0ab86d3fad36f09ec",
            "owner_id": "729855611727",
            "tags": {
              "Name": "igw"
            },
            "tags_all": {
              "Name": "igw"
            },
            "timeouts": null,
            "vpc_id": "vpc-0016a67a1309b30e4"
          },
          "sensitive_attributes": [],
          "private": "eyJlMmJmYjczMC1lY2FhLTExZTYtOGY4OC0zNDM2M2JjN2M0YzAiOnsiY3JlYXRlIjoxMjAwMDAwMDAwMDAwLCJkZWxldGUiOjEyMDAwMDAwMDAwMDAsInVwZGF0ZSI6MTIwMDAwMDAwMDAwMH19",
          "dependencies": [
            "aws_vpc.jenkins"
          ]
        }
      ]
    },
    {
      "mode": "managed",
      "type": "aws_key_pair",
      "name": "anael",
      "provider": "provider[\"registry.terraform.io/hashicorp/aws\"]",
      "instances": [
        {
          "schema_version": 1,
          "attributes": {
            "arn": "arn:aws:ec2:us-east-2:729855611727:key-pair/anael",
            "fingerprint": "08:b8:11:bb:35:f9:69:95:c7:09:1e:92:38:91:0d:56",
            "id": "anael",
            "key_name": "anael",
            "key_name_prefix": "",
            "key_pair_id": "key-0c56b5fb3c21e8942",
            "key_type": "rsa",
            "public_key": "ssh-rsa AAAAB3NzaC1yc2EAAAADAQABAAACAQC8D207fJkCbuGOOIaNMNAJiJL6LOLHce9p4n1bQDObbmbC90z73VqVEYPQZ3IZp69c85tCLGaEM7BIx5Ql4x2uxoeEsUoBTw/C3o3NNLvFd/ay3XH2NSLTWjxpVsT0fpoPQs80wig4L7hWnFQhBLr27xQLE05nwSNB4Xqth9kPs99Tn/fR89NTJwHUQmNy5GTy8eiKFuKoGkTCvB21RnwdQlcSHjC+6k/beSP2H6Uy4CNi2jXLN0WqDtk6jlkmuVcPc9KXldo1lVhu2t6ZegONsJNJtabe0A9o15ftX5zpbBz2LSFMWkwd70KmigGU1daMH59dOYnmCPpFkWD3okPCyj/cOW3nSnHDqgf7eM478oF4GlXcCwvqLkhXIbzF4ZNhqIhsIT8NsFeoK9ZkXHEiG/hoYZe+vvj8XoxcNdCR2Eox8vIDXKXD1oeXQ2GXF7NWy3+umhLeab4rF4lI6210MNBqFRL9abTKueNbzYDxqdSR9eNTuxY1QGZDDws5buBlNo/Lfz9+8sQ6AzY7gRfH/oY3YBX2hF1Ph0r2M/KQuarIUqUTM+k5bOFnitbC0t0p+04Oqz8Rrrg0X6twTnxW1q6b0ZpfeYVCEU+HprShGY0Zi9QtCM61FwybuYdtabz1zuom6KaucI9yvRMzvflvFs5JM4SQI/PLWEQTTNhjwQ==",
            "tags": {},
            "tags_all": {}
          },
          "sensitive_attributes": [],
          "private": "eyJzY2hlbWFfdmVyc2lvbiI6IjEifQ==",
          "dependencies": [
            "tls_private_key.anael"
          ]
        }
      ]
    },
    {
      "mode": "managed",
      "type": "aws_lb",
      "name": "lb",
      "provider": "provider[\"registry.terraform.io/hashicorp/aws\"]",
      "instances": [
        {
          "schema_version": 0,
          "attributes": {
            "access_logs": [
              {
                "bucket": "",
                "enabled": false,
                "prefix": ""
              }
            ],
            "arn": "arn:aws:elasticloadbalancing:us-east-2:729855611727:loadbalancer/app/my-lb/31a3629043da55a1",
            "arn_suffix": "app/my-lb/31a3629043da55a1",
            "customer_owned_ipv4_pool": "",
            "desync_mitigation_mode": "defensive",
            "dns_name": "my-lb-954536966.us-east-2.elb.amazonaws.com",
            "drop_invalid_header_fields": false,
            "enable_cross_zone_load_balancing": true,
            "enable_deletion_protection": false,
            "enable_http2": true,
            "enable_waf_fail_open": false,
            "id": "arn:aws:elasticloadbalancing:us-east-2:729855611727:loadbalancer/app/my-lb/31a3629043da55a1",
            "idle_timeout": 60,
            "internal": false,
            "ip_address_type": "ipv4",
            "load_balancer_type": "application",
            "name": "my-lb",
            "name_prefix": null,
            "preserve_host_header": false,
            "security_groups": [
              "sg-08a0fb954756b7e65"
            ],
            "subnet_mapping": [
              {
                "allocation_id": "",
                "ipv6_address": "",
                "outpost_id": "",
                "private_ipv4_address": "",
                "subnet_id": "subnet-03472c52772fcb3a3"
              },
              {
                "allocation_id": "",
                "ipv6_address": "",
                "outpost_id": "",
                "private_ipv4_address": "",
                "subnet_id": "subnet-05565502ad0dfe34d"
              },
              {
                "allocation_id": "",
                "ipv6_address": "",
                "outpost_id": "",
                "private_ipv4_address": "",
                "subnet_id": "subnet-0f07c53be0b27263c"
              }
            ],
            "subnets": [
              "subnet-03472c52772fcb3a3",
              "subnet-05565502ad0dfe34d",
              "subnet-0f07c53be0b27263c"
            ],
            "tags": {},
            "tags_all": {},
            "timeouts": null,
            "vpc_id": "vpc-0016a67a1309b30e4",
            "zone_id": "Z3AADJGX6KTTL2"
          },
          "sensitive_attributes": [],
          "private": "eyJlMmJmYjczMC1lY2FhLTExZTYtOGY4OC0zNDM2M2JjN2M0YzAiOnsiY3JlYXRlIjo2MDAwMDAwMDAwMDAsImRlbGV0ZSI6NjAwMDAwMDAwMDAwLCJ1cGRhdGUiOjYwMDAwMDAwMDAwMH19",
          "dependencies": [
            "aws_iam_instance_profile.jenkins",
            "aws_instance.jenkins",
            "aws_security_group.bastion",
            "aws_security_group.jenkins",
            "aws_security_group.lb",
            "aws_subnet.jenkins",
            "aws_subnet.nat",
            "aws_subnet.public-bastion",
            "aws_subnet.public-lb",
            "aws_vpc.jenkins"
          ]
        }
      ]
    },
    {
      "mode": "managed",
      "type": "aws_lb_listener",
      "name": "http_eg1",
      "provider": "provider[\"registry.terraform.io/hashicorp/aws\"]",
      "instances": [
        {
          "schema_version": 0,
          "attributes": {
            "alpn_policy": null,
            "arn": "arn:aws:elasticloadbalancing:us-east-2:729855611727:listener/app/my-lb/31a3629043da55a1/00d75dfa2abcb1d8",
            "certificate_arn": null,
            "default_action": [
              {
                "authenticate_cognito": [],
                "authenticate_oidc": [],
                "fixed_response": [],
                "forward": [],
                "order": 1,
                "redirect": [
                  {
                    "host": "#{host}",
                    "path": "/#{path}",
                    "port": "443",
                    "protocol": "HTTPS",
                    "query": "#{query}",
                    "status_code": "HTTP_301"
                  }
                ],
                "target_group_arn": "",
                "type": "redirect"
              }
            ],
            "id": "arn:aws:elasticloadbalancing:us-east-2:729855611727:listener/app/my-lb/31a3629043da55a1/00d75dfa2abcb1d8",
            "load_balancer_arn": "arn:aws:elasticloadbalancing:us-east-2:729855611727:loadbalancer/app/my-lb/31a3629043da55a1",
            "port": 80,
            "protocol": "HTTP",
            "ssl_policy": "",
            "tags": {},
            "tags_all": {},
            "timeouts": null
          },
          "sensitive_attributes": [],
          "private": "eyJlMmJmYjczMC1lY2FhLTExZTYtOGY4OC0zNDM2M2JjN2M0YzAiOnsicmVhZCI6NjAwMDAwMDAwMDAwfX0=",
          "dependencies": [
            "aws_iam_instance_profile.jenkins",
            "aws_instance.jenkins",
            "aws_lb.lb",
            "aws_security_group.bastion",
            "aws_security_group.jenkins",
            "aws_security_group.lb",
            "aws_subnet.jenkins",
            "aws_subnet.nat",
            "aws_subnet.public-bastion",
            "aws_subnet.public-lb",
            "aws_vpc.jenkins"
          ]
        }
      ]
    },
    {
      "mode": "managed",
      "type": "aws_lb_listener",
      "name": "my_app_eg2_tls",
      "provider": "provider[\"registry.terraform.io/hashicorp/aws\"]",
      "instances": [
        {
          "schema_version": 0,
          "attributes": {
            "alpn_policy": null,
            "arn": "arn:aws:elasticloadbalancing:us-east-2:729855611727:listener/app/my-lb/31a3629043da55a1/f13ba09cf27df38e",
            "certificate_arn": "arn:aws:acm:us-east-2:729855611727:certificate/4a6266d7-d9fe-4600-9d05-109abaa09f28",
            "default_action": [
              {
                "authenticate_cognito": [],
                "authenticate_oidc": [],
                "fixed_response": [],
                "forward": [],
                "order": 1,
                "redirect": [],
                "target_group_arn": "arn:aws:elasticloadbalancing:us-east-2:729855611727:targetgroup/my-tg/c34fba73c41feaa1",
                "type": "forward"
              }
            ],
            "id": "arn:aws:elasticloadbalancing:us-east-2:729855611727:listener/app/my-lb/31a3629043da55a1/f13ba09cf27df38e",
            "load_balancer_arn": "arn:aws:elasticloadbalancing:us-east-2:729855611727:loadbalancer/app/my-lb/31a3629043da55a1",
            "port": 443,
            "protocol": "HTTPS",
            "ssl_policy": "ELBSecurityPolicy-2016-08",
            "tags": {},
            "tags_all": {},
            "timeouts": null
          },
          "sensitive_attributes": [],
          "private": "eyJlMmJmYjczMC1lY2FhLTExZTYtOGY4OC0zNDM2M2JjN2M0YzAiOnsicmVhZCI6NjAwMDAwMDAwMDAwfX0=",
          "dependencies": [
            "aws_acm_certificate.api",
            "aws_acm_certificate_validation.api",
            "aws_iam_instance_profile.jenkins",
            "aws_instance.jenkins",
            "aws_lb.lb",
            "aws_lb_target_group.tg",
            "aws_route53_record.api_validation",
            "aws_security_group.bastion",
            "aws_security_group.jenkins",
            "aws_security_group.lb",
            "aws_subnet.jenkins",
            "aws_subnet.nat",
            "aws_subnet.public-bastion",
            "aws_subnet.public-lb",
            "aws_vpc.jenkins",
            "data.aws_route53_zone.public"
          ]
        }
      ]
    },
    {
      "mode": "managed",
      "type": "aws_lb_target_group",
      "name": "tg",
      "provider": "provider[\"registry.terraform.io/hashicorp/aws\"]",
      "instances": [
        {
          "schema_version": 0,
          "attributes": {
            "arn": "arn:aws:elasticloadbalancing:us-east-2:729855611727:targetgroup/my-tg/c34fba73c41feaa1",
            "arn_suffix": "targetgroup/my-tg/c34fba73c41feaa1",
            "connection_termination": false,
            "deregistration_delay": "300",
            "health_check": [
              {
                "enabled": true,
                "healthy_threshold": 9,
                "interval": 30,
                "matcher": "200",
                "path": "/login",
                "port": "8080",
                "protocol": "HTTP",
                "timeout": 5,
                "unhealthy_threshold": 9
              }
            ],
            "id": "arn:aws:elasticloadbalancing:us-east-2:729855611727:targetgroup/my-tg/c34fba73c41feaa1",
            "ip_address_type": "ipv4",
            "lambda_multi_value_headers_enabled": false,
            "load_balancing_algorithm_type": "round_robin",
            "name": "my-tg",
            "name_prefix": null,
            "port": 8080,
            "preserve_client_ip": null,
            "protocol": "HTTP",
            "protocol_version": "HTTP1",
            "proxy_protocol_v2": false,
            "slow_start": 0,
            "stickiness": [
              {
                "cookie_duration": 86400,
                "cookie_name": "",
                "enabled": false,
                "type": "lb_cookie"
              }
            ],
            "tags": {},
            "tags_all": {},
            "target_failover": [
              {
                "on_deregistration": null,
                "on_unhealthy": null
              }
            ],
            "target_type": "instance",
            "vpc_id": "vpc-0016a67a1309b30e4"
          },
          "sensitive_attributes": [],
          "private": "bnVsbA==",
          "dependencies": [
            "aws_iam_instance_profile.jenkins",
            "aws_instance.jenkins",
            "aws_security_group.bastion",
            "aws_security_group.jenkins",
            "aws_security_group.lb",
            "aws_subnet.jenkins",
            "aws_vpc.jenkins"
          ]
        }
      ]
    },
    {
      "mode": "managed",
      "type": "aws_lb_target_group_attachment",
      "name": "tg",
      "provider": "provider[\"registry.terraform.io/hashicorp/aws\"]",
      "instances": [
        {
          "schema_version": 0,
          "attributes": {
            "availability_zone": null,
            "id": "arn:aws:elasticloadbalancing:us-east-2:729855611727:targetgroup/my-tg/c34fba73c41feaa1-20230708062111910300000001",
            "port": 8080,
            "target_group_arn": "arn:aws:elasticloadbalancing:us-east-2:729855611727:targetgroup/my-tg/c34fba73c41feaa1",
            "target_id": "i-000a1d937bb10a00c"
          },
          "sensitive_attributes": [],
          "private": "bnVsbA==",
          "dependencies": [
            "aws_iam_instance_profile.jenkins",
            "aws_instance.jenkins",
            "aws_lb_target_group.tg",
            "aws_security_group.bastion",
            "aws_security_group.jenkins",
            "aws_security_group.lb",
            "aws_subnet.jenkins",
            "aws_vpc.jenkins"
          ]
        }
      ]
    },
    {
      "mode": "managed",
      "type": "aws_nat_gateway",
      "name": "nat",
      "provider": "provider[\"registry.terraform.io/hashicorp/aws\"]",
      "instances": [
        {
          "schema_version": 0,
          "attributes": {
            "allocation_id": "eipalloc-01a285ae5c3d29a1c",
            "connectivity_type": "public",
            "id": "nat-0e31382b510be318d",
            "network_interface_id": "eni-013f8887ff18d51c8",
            "private_ip": "192.168.3.188",
            "public_ip": "18.220.201.103",
            "subnet_id": "subnet-03472c52772fcb3a3",
            "tags": {
              "Name": "NAT"
            },
            "tags_all": {
              "Name": "NAT"
            }
          },
          "sensitive_attributes": [],
          "private": "bnVsbA==",
          "dependencies": [
            "aws_eip.eip",
            "aws_internet_gateway.igw",
            "aws_subnet.nat",
            "aws_vpc.jenkins"
          ]
        }
      ]
    },
    {
      "mode": "managed",
      "type": "aws_route53_record",
      "name": "api",
      "provider": "provider[\"registry.terraform.io/hashicorp/aws\"]",
      "instances": [
        {
          "schema_version": 2,
          "attributes": {
            "alias": [
              {
                "evaluate_target_health": false,
                "name": "my-lb-954536966.us-east-2.elb.amazonaws.com",
                "zone_id": "Z3AADJGX6KTTL2"
              }
            ],
            "allow_overwrite": null,
            "failover_routing_policy": [],
            "fqdn": "jenkins.anaeleboo.com",
            "geolocation_routing_policy": [],
            "health_check_id": "",
            "id": "Z01286751JVQV1HHVOYWU_jenkins.anaeleboo.com_A",
            "latency_routing_policy": [],
            "multivalue_answer_routing_policy": false,
            "name": "jenkins.anaeleboo.com",
            "records": [],
            "set_identifier": "",
            "ttl": 0,
            "type": "A",
            "weighted_routing_policy": [],
            "zone_id": "Z01286751JVQV1HHVOYWU"
          },
          "sensitive_attributes": [],
          "private": "eyJzY2hlbWFfdmVyc2lvbiI6IjIifQ==",
          "dependencies": [
            "aws_acm_certificate.api",
            "aws_iam_instance_profile.jenkins",
            "aws_instance.jenkins",
            "aws_lb.lb",
            "aws_security_group.bastion",
            "aws_security_group.jenkins",
            "aws_security_group.lb",
            "aws_subnet.jenkins",
            "aws_subnet.nat",
            "aws_subnet.public-bastion",
            "aws_subnet.public-lb",
            "aws_vpc.jenkins",
            "data.aws_route53_zone.public"
          ]
        }
      ]
    },
    {
      "mode": "managed",
      "type": "aws_route53_record",
      "name": "api_validation",
      "provider": "provider[\"registry.terraform.io/hashicorp/aws\"]",
      "instances": [
        {
          "index_key": "jenkins.anaeleboo.com",
          "schema_version": 2,
          "attributes": {
            "alias": [],
            "allow_overwrite": true,
            "failover_routing_policy": [],
            "fqdn": "_8b6bbcaf2965616fe16f6571ea1c0b91.jenkins.anaeleboo.com",
            "geolocation_routing_policy": [],
            "health_check_id": "",
            "id": "Z01286751JVQV1HHVOYWU__8b6bbcaf2965616fe16f6571ea1c0b91.jenkins.anaeleboo.com._CNAME",
            "latency_routing_policy": [],
            "multivalue_answer_routing_policy": false,
            "name": "_8b6bbcaf2965616fe16f6571ea1c0b91.jenkins.anaeleboo.com",
            "records": [
              "_01801f68a580a18772cb22ca0281ca5a.htgdxnmnnj.acm-validations.aws."
            ],
            "set_identifier": "",
            "ttl": 60,
            "type": "CNAME",
            "weighted_routing_policy": [],
            "zone_id": "Z01286751JVQV1HHVOYWU"
          },
          "sensitive_attributes": [],
          "private": "eyJzY2hlbWFfdmVyc2lvbiI6IjIifQ==",
          "dependencies": [
            "aws_acm_certificate.api",
            "data.aws_route53_zone.public"
          ]
        }
      ]
    },
    {
      "mode": "managed",
      "type": "aws_route_table",
      "name": "nat",
      "provider": "provider[\"registry.terraform.io/hashicorp/aws\"]",
      "instances": [
        {
          "schema_version": 0,
          "attributes": {
            "arn": "arn:aws:ec2:us-east-2:729855611727:route-table/rtb-0dc41d62d1a755970",
            "id": "rtb-0dc41d62d1a755970",
            "owner_id": "729855611727",
            "propagating_vgws": [],
            "route": [
              {
                "carrier_gateway_id": "",
                "cidr_block": "0.0.0.0/0",
                "core_network_arn": "",
                "destination_prefix_list_id": "",
                "egress_only_gateway_id": "",
                "gateway_id": "",
                "instance_id": "",
                "ipv6_cidr_block": "",
                "local_gateway_id": "",
                "nat_gateway_id": "nat-0e31382b510be318d",
                "network_interface_id": "",
                "transit_gateway_id": "",
                "vpc_endpoint_id": "",
                "vpc_peering_connection_id": ""
              }
            ],
            "tags": {
              "Name": " route table private"
            },
            "tags_all": {
              "Name": " route table private"
            },
            "timeouts": null,
            "vpc_id": "vpc-0016a67a1309b30e4"
          },
          "sensitive_attributes": [],
          "private": "eyJlMmJmYjczMC1lY2FhLTExZTYtOGY4OC0zNDM2M2JjN2M0YzAiOnsiY3JlYXRlIjozMDAwMDAwMDAwMDAsImRlbGV0ZSI6MzAwMDAwMDAwMDAwLCJ1cGRhdGUiOjEyMDAwMDAwMDAwMH19",
          "dependencies": [
            "aws_eip.eip",
            "aws_internet_gateway.igw",
            "aws_nat_gateway.nat",
            "aws_subnet.nat",
            "aws_vpc.jenkins"
          ]
        }
      ]
    },
    {
      "mode": "managed",
      "type": "aws_route_table",
      "name": "public",
      "provider": "provider[\"registry.terraform.io/hashicorp/aws\"]",
      "instances": [
        {
          "schema_version": 0,
          "attributes": {
            "arn": "arn:aws:ec2:us-east-2:729855611727:route-table/rtb-0dc3f24dc6629a767",
            "id": "rtb-0dc3f24dc6629a767",
            "owner_id": "729855611727",
            "propagating_vgws": [],
            "route": [
              {
                "carrier_gateway_id": "",
                "cidr_block": "0.0.0.0/0",
                "core_network_arn": "",
                "destination_prefix_list_id": "",
                "egress_only_gateway_id": "",
                "gateway_id": "igw-0ab86d3fad36f09ec",
                "instance_id": "",
                "ipv6_cidr_block": "",
                "local_gateway_id": "",
                "nat_gateway_id": "",
                "network_interface_id": "",
                "transit_gateway_id": "",
                "vpc_endpoint_id": "",
                "vpc_peering_connection_id": ""
              }
            ],
            "tags": {
              "Name": "Public route table"
            },
            "tags_all": {
              "Name": "Public route table"
            },
            "timeouts": null,
            "vpc_id": "vpc-0016a67a1309b30e4"
          },
          "sensitive_attributes": [],
          "private": "eyJlMmJmYjczMC1lY2FhLTExZTYtOGY4OC0zNDM2M2JjN2M0YzAiOnsiY3JlYXRlIjozMDAwMDAwMDAwMDAsImRlbGV0ZSI6MzAwMDAwMDAwMDAwLCJ1cGRhdGUiOjEyMDAwMDAwMDAwMH19",
          "dependencies": [
            "aws_internet_gateway.igw",
            "aws_vpc.jenkins"
          ]
        }
      ]
    },
    {
      "mode": "managed",
      "type": "aws_route_table_association",
      "name": "bastion",
      "provider": "provider[\"registry.terraform.io/hashicorp/aws\"]",
      "instances": [
        {
          "schema_version": 0,
          "attributes": {
            "gateway_id": "",
            "id": "rtbassoc-0315a4dd9148fd3e3",
            "route_table_id": "rtb-0dc3f24dc6629a767",
            "subnet_id": "subnet-05565502ad0dfe34d"
          },
          "sensitive_attributes": [],
          "private": "bnVsbA==",
          "dependencies": [
            "aws_internet_gateway.igw",
            "aws_route_table.public",
            "aws_subnet.public-bastion",
            "aws_vpc.jenkins"
          ]
        }
      ]
    },
    {
      "mode": "managed",
      "type": "aws_route_table_association",
      "name": "jenkins",
      "provider": "provider[\"registry.terraform.io/hashicorp/aws\"]",
      "instances": [
        {
          "schema_version": 0,
          "attributes": {
            "gateway_id": "",
            "id": "rtbassoc-06586f6b7b8976c5b",
            "route_table_id": "rtb-0dc41d62d1a755970",
            "subnet_id": "subnet-018fa5376dc3ca1e9"
          },
          "sensitive_attributes": [],
          "private": "bnVsbA==",
          "dependencies": [
            "aws_eip.eip",
            "aws_internet_gateway.igw",
            "aws_nat_gateway.nat",
            "aws_route_table.nat",
            "aws_subnet.jenkins",
            "aws_subnet.nat",
            "aws_vpc.jenkins"
          ]
        }
      ]
    },
    {
      "mode": "managed",
      "type": "aws_route_table_association",
      "name": "lb",
      "provider": "provider[\"registry.terraform.io/hashicorp/aws\"]",
      "instances": [
        {
          "schema_version": 0,
          "attributes": {
            "gateway_id": "",
            "id": "rtbassoc-009e644a3e3104edf",
            "route_table_id": "rtb-0dc3f24dc6629a767",
            "subnet_id": "subnet-0f07c53be0b27263c"
          },
          "sensitive_attributes": [],
          "private": "bnVsbA==",
          "dependencies": [
            "aws_internet_gateway.igw",
            "aws_route_table.public",
            "aws_subnet.public-lb",
            "aws_vpc.jenkins"
          ]
        }
      ]
    },
    {
      "mode": "managed",
      "type": "aws_route_table_association",
      "name": "nat",
      "provider": "provider[\"registry.terraform.io/hashicorp/aws\"]",
      "instances": [
        {
          "schema_version": 0,
          "attributes": {
            "gateway_id": "",
            "id": "rtbassoc-0bb650a8f7a3ee752",
            "route_table_id": "rtb-0dc3f24dc6629a767",
            "subnet_id": "subnet-03472c52772fcb3a3"
          },
          "sensitive_attributes": [],
          "private": "bnVsbA==",
          "dependencies": [
            "aws_internet_gateway.igw",
            "aws_route_table.public",
            "aws_subnet.nat",
            "aws_vpc.jenkins"
          ]
        }
      ]
    },
    {
      "mode": "managed",
      "type": "aws_security_group",
      "name": "bastion",
      "provider": "provider[\"registry.terraform.io/hashicorp/aws\"]",
      "instances": [
        {
          "schema_version": 1,
          "attributes": {
            "arn": "arn:aws:ec2:us-east-2:729855611727:security-group/sg-0e842435db04b1ef8",
            "description": "Security group for bastion hosts",
            "egress": [
              {
                "cidr_blocks": [
                  "0.0.0.0/0"
                ],
                "description": "Allow ssh outgoing traffic to jenkins",
                "from_port": 22,
                "ipv6_cidr_blocks": [],
                "prefix_list_ids": [],
                "protocol": "tcp",
                "security_groups": [],
                "self": false,
                "to_port": 22
              }
            ],
            "id": "sg-0e842435db04b1ef8",
            "ingress": [
              {
                "cidr_blocks": [
                  "0.0.0.0/0"
                ],
                "description": "Allow incoming SSH from management IPs",
                "from_port": 22,
                "ipv6_cidr_blocks": [],
                "prefix_list_ids": [],
                "protocol": "tcp",
                "security_groups": [],
                "self": false,
                "to_port": 22
              }
            ],
            "name": "SG-bastionhosts",
            "name_prefix": "",
            "owner_id": "729855611727",
            "revoke_rules_on_delete": false,
            "tags": {
              "Name": "SG-bastionhosts"
            },
            "tags_all": {
              "Name": "SG-bastionhosts"
            },
            "timeouts": null,
            "vpc_id": "vpc-0016a67a1309b30e4"
          },
          "sensitive_attributes": [],
          "private": "eyJlMmJmYjczMC1lY2FhLTExZTYtOGY4OC0zNDM2M2JjN2M0YzAiOnsiY3JlYXRlIjo2MDAwMDAwMDAwMDAsImRlbGV0ZSI6OTAwMDAwMDAwMDAwfSwic2NoZW1hX3ZlcnNpb24iOiIxIn0=",
          "dependencies": [
            "aws_vpc.jenkins"
          ]
        }
      ]
    },
    {
      "mode": "managed",
      "type": "aws_security_group",
      "name": "jenkins",
      "provider": "provider[\"registry.terraform.io/hashicorp/aws\"]",
      "instances": [
        {
          "schema_version": 1,
          "attributes": {
            "arn": "arn:aws:ec2:us-east-2:729855611727:security-group/sg-0962f6a385aa48bf4",
            "description": "Security group for jenkins",
            "egress": [
              {
                "cidr_blocks": [
                  "0.0.0.0/0"
                ],
                "description": "Allow all outgoing traffic",
                "from_port": 0,
                "ipv6_cidr_blocks": [],
                "prefix_list_ids": [],
                "protocol": "-1",
                "security_groups": [],
                "self": false,
                "to_port": 0
              }
            ],
            "id": "sg-0962f6a385aa48bf4",
            "ingress": [
              {
                "cidr_blocks": [],
                "description": "Allow incoming SSH traffic from bastion hosts",
                "from_port": 22,
                "ipv6_cidr_blocks": [],
                "prefix_list_ids": [],
                "protocol": "tcp",
                "security_groups": [
                  "sg-0e842435db04b1ef8"
                ],
                "self": false,
                "to_port": 22
              },
              {
                "cidr_blocks": [],
                "description": "Allow incoming tcp from LB",
                "from_port": 8080,
                "ipv6_cidr_blocks": [],
                "prefix_list_ids": [],
                "protocol": "tcp",
                "security_groups": [
                  "sg-08a0fb954756b7e65"
                ],
                "self": false,
                "to_port": 8080
              }
            ],
            "name": "SG-web",
            "name_prefix": "",
            "owner_id": "729855611727",
            "revoke_rules_on_delete": false,
            "tags": {
              "Name": "jenkins-sg"
            },
            "tags_all": {
              "Name": "jenkins-sg"
            },
            "timeouts": null,
            "vpc_id": "vpc-0016a67a1309b30e4"
          },
          "sensitive_attributes": [],
          "private": "eyJlMmJmYjczMC1lY2FhLTExZTYtOGY4OC0zNDM2M2JjN2M0YzAiOnsiY3JlYXRlIjo2MDAwMDAwMDAwMDAsImRlbGV0ZSI6OTAwMDAwMDAwMDAwfSwic2NoZW1hX3ZlcnNpb24iOiIxIn0=",
          "dependencies": [
            "aws_security_group.bastion",
            "aws_security_group.lb",
            "aws_vpc.jenkins"
          ]
        }
      ]
    },
    {
      "mode": "managed",
      "type": "aws_security_group",
      "name": "jenkins-slave",
      "provider": "provider[\"registry.terraform.io/hashicorp/aws\"]",
      "instances": [
        {
          "schema_version": 1,
          "attributes": {
            "arn": "arn:aws:ec2:us-east-2:729855611727:security-group/sg-0ca1feb6b8f59f45b",
            "description": "Security group for jenkins-slave",
            "egress": [
              {
                "cidr_blocks": [
                  "0.0.0.0/0"
                ],
                "description": "Allow all outgoing traffic",
                "from_port": 0,
                "ipv6_cidr_blocks": [],
                "prefix_list_ids": [],
                "protocol": "-1",
                "security_groups": [],
                "self": false,
                "to_port": 0
              }
            ],
            "id": "sg-0ca1feb6b8f59f45b",
            "ingress": [
              {
                "cidr_blocks": [],
                "description": "Allow incoming SSH traffic from bastion hosts",
                "from_port": 22,
                "ipv6_cidr_blocks": [],
                "prefix_list_ids": [],
                "protocol": "tcp",
                "security_groups": [
                  "sg-0962f6a385aa48bf4"
                ],
                "self": false,
                "to_port": 22
              }
            ],
            "name": "slave",
            "name_prefix": "",
            "owner_id": "729855611727",
            "revoke_rules_on_delete": false,
            "tags": {
              "Name": "slave"
            },
            "tags_all": {
              "Name": "slave"
            },
            "timeouts": null,
            "vpc_id": "vpc-0016a67a1309b30e4"
          },
          "sensitive_attributes": [],
          "private": "eyJlMmJmYjczMC1lY2FhLTExZTYtOGY4OC0zNDM2M2JjN2M0YzAiOnsiY3JlYXRlIjo2MDAwMDAwMDAwMDAsImRlbGV0ZSI6OTAwMDAwMDAwMDAwfSwic2NoZW1hX3ZlcnNpb24iOiIxIn0=",
          "dependencies": [
            "aws_security_group.bastion",
            "aws_security_group.jenkins",
            "aws_security_group.lb",
            "aws_vpc.jenkins"
          ]
        }
      ]
    },
    {
      "mode": "managed",
      "type": "aws_security_group",
      "name": "lb",
      "provider": "provider[\"registry.terraform.io/hashicorp/aws\"]",
      "instances": [
        {
          "schema_version": 1,
          "attributes": {
            "arn": "arn:aws:ec2:us-east-2:729855611727:security-group/sg-08a0fb954756b7e65",
            "description": "Security group for the load-balancer",
            "egress": [
              {
                "cidr_blocks": [
                  "0.0.0.0/0"
                ],
                "description": "",
                "from_port": 8080,
                "ipv6_cidr_blocks": [],
                "prefix_list_ids": [],
                "protocol": "tcp",
                "security_groups": [],
                "self": false,
                "to_port": 8080
              }
            ],
            "id": "sg-08a0fb954756b7e65",
            "ingress": [
              {
                "cidr_blocks": [
                  "0.0.0.0/0"
                ],
                "description": "Allow incoming HTTP traffic from anywhere",
                "from_port": 80,
                "ipv6_cidr_blocks": [],
                "prefix_list_ids": [],
                "protocol": "tcp",
                "security_groups": [],
                "self": false,
                "to_port": 80
              },
              {
                "cidr_blocks": [
                  "0.0.0.0/0"
                ],
                "description": "Allow incoming HTTPS traffic from anywhere",
                "from_port": 443,
                "ipv6_cidr_blocks": [],
                "prefix_list_ids": [],
                "protocol": "tcp",
                "security_groups": [],
                "self": false,
                "to_port": 443
              }
            ],
            "name": "SG-loadbalancer",
            "name_prefix": "",
            "owner_id": "729855611727",
            "revoke_rules_on_delete": false,
            "tags": {
              "Name": "SG-loadbalancers"
            },
            "tags_all": {
              "Name": "SG-loadbalancers"
            },
            "timeouts": null,
            "vpc_id": "vpc-0016a67a1309b30e4"
          },
          "sensitive_attributes": [],
          "private": "eyJlMmJmYjczMC1lY2FhLTExZTYtOGY4OC0zNDM2M2JjN2M0YzAiOnsiY3JlYXRlIjo2MDAwMDAwMDAwMDAsImRlbGV0ZSI6OTAwMDAwMDAwMDAwfSwic2NoZW1hX3ZlcnNpb24iOiIxIn0=",
          "dependencies": [
            "aws_vpc.jenkins"
          ]
        }
      ]
    },
    {
      "mode": "managed",
      "type": "aws_subnet",
      "name": "jenkins",
      "provider": "provider[\"registry.terraform.io/hashicorp/aws\"]",
      "instances": [
        {
          "schema_version": 1,
          "attributes": {
            "arn": "arn:aws:ec2:us-east-2:729855611727:subnet/subnet-018fa5376dc3ca1e9",
            "assign_ipv6_address_on_creation": false,
            "availability_zone": "us-east-2b",
            "availability_zone_id": "use2-az2",
            "cidr_block": "192.168.4.0/24",
            "customer_owned_ipv4_pool": "",
            "enable_dns64": false,
            "enable_resource_name_dns_a_record_on_launch": false,
            "enable_resource_name_dns_aaaa_record_on_launch": false,
            "id": "subnet-018fa5376dc3ca1e9",
            "ipv6_cidr_block": "",
            "ipv6_cidr_block_association_id": "",
            "ipv6_native": false,
            "map_customer_owned_ip_on_launch": false,
            "map_public_ip_on_launch": false,
            "outpost_arn": "",
            "owner_id": "729855611727",
            "private_dns_hostname_type_on_launch": "ip-name",
            "tags": {
              "Name": "jenkins-subnet"
            },
            "tags_all": {
              "Name": "jenkins-subnet"
            },
            "timeouts": null,
            "vpc_id": "vpc-0016a67a1309b30e4"
          },
          "sensitive_attributes": [],
          "private": "eyJlMmJmYjczMC1lY2FhLTExZTYtOGY4OC0zNDM2M2JjN2M0YzAiOnsiY3JlYXRlIjo2MDAwMDAwMDAwMDAsImRlbGV0ZSI6MTIwMDAwMDAwMDAwMH0sInNjaGVtYV92ZXJzaW9uIjoiMSJ9",
          "dependencies": [
            "aws_vpc.jenkins"
          ]
        }
      ]
    },
    {
      "mode": "managed",
      "type": "aws_subnet",
      "name": "nat",
      "provider": "provider[\"registry.terraform.io/hashicorp/aws\"]",
      "instances": [
        {
          "schema_version": 1,
          "attributes": {
            "arn": "arn:aws:ec2:us-east-2:729855611727:subnet/subnet-03472c52772fcb3a3",
            "assign_ipv6_address_on_creation": false,
            "availability_zone": "us-east-2c",
            "availability_zone_id": "use2-az3",
            "cidr_block": "192.168.3.0/24",
            "customer_owned_ipv4_pool": "",
            "enable_dns64": false,
            "enable_resource_name_dns_a_record_on_launch": false,
            "enable_resource_name_dns_aaaa_record_on_launch": false,
            "id": "subnet-03472c52772fcb3a3",
            "ipv6_cidr_block": "",
            "ipv6_cidr_block_association_id": "",
            "ipv6_native": false,
            "map_customer_owned_ip_on_launch": false,
            "map_public_ip_on_launch": true,
            "outpost_arn": "",
            "owner_id": "729855611727",
            "private_dns_hostname_type_on_launch": "ip-name",
            "tags": {
              "Name": "nat-subnet"
            },
            "tags_all": {
              "Name": "nat-subnet"
            },
            "timeouts": null,
            "vpc_id": "vpc-0016a67a1309b30e4"
          },
          "sensitive_attributes": [],
          "private": "eyJlMmJmYjczMC1lY2FhLTExZTYtOGY4OC0zNDM2M2JjN2M0YzAiOnsiY3JlYXRlIjo2MDAwMDAwMDAwMDAsImRlbGV0ZSI6MTIwMDAwMDAwMDAwMH0sInNjaGVtYV92ZXJzaW9uIjoiMSJ9",
          "dependencies": [
            "aws_vpc.jenkins"
          ]
        }
      ]
    },
    {
      "mode": "managed",
      "type": "aws_subnet",
      "name": "public-bastion",
      "provider": "provider[\"registry.terraform.io/hashicorp/aws\"]",
      "instances": [
        {
          "schema_version": 1,
          "attributes": {
            "arn": "arn:aws:ec2:us-east-2:729855611727:subnet/subnet-05565502ad0dfe34d",
            "assign_ipv6_address_on_creation": false,
            "availability_zone": "us-east-2a",
            "availability_zone_id": "use2-az1",
            "cidr_block": "192.168.1.0/24",
            "customer_owned_ipv4_pool": "",
            "enable_dns64": false,
            "enable_resource_name_dns_a_record_on_launch": false,
            "enable_resource_name_dns_aaaa_record_on_launch": false,
            "id": "subnet-05565502ad0dfe34d",
            "ipv6_cidr_block": "",
            "ipv6_cidr_block_association_id": "",
            "ipv6_native": false,
            "map_customer_owned_ip_on_launch": false,
            "map_public_ip_on_launch": true,
            "outpost_arn": "",
            "owner_id": "729855611727",
            "private_dns_hostname_type_on_launch": "ip-name",
            "tags": {
              "Name": "bastion-subnet"
            },
            "tags_all": {
              "Name": "bastion-subnet"
            },
            "timeouts": null,
            "vpc_id": "vpc-0016a67a1309b30e4"
          },
          "sensitive_attributes": [],
          "private": "eyJlMmJmYjczMC1lY2FhLTExZTYtOGY4OC0zNDM2M2JjN2M0YzAiOnsiY3JlYXRlIjo2MDAwMDAwMDAwMDAsImRlbGV0ZSI6MTIwMDAwMDAwMDAwMH0sInNjaGVtYV92ZXJzaW9uIjoiMSJ9",
          "dependencies": [
            "aws_vpc.jenkins"
          ]
        }
      ]
    },
    {
      "mode": "managed",
      "type": "aws_subnet",
      "name": "public-lb",
      "provider": "provider[\"registry.terraform.io/hashicorp/aws\"]",
      "instances": [
        {
          "schema_version": 1,
          "attributes": {
            "arn": "arn:aws:ec2:us-east-2:729855611727:subnet/subnet-0f07c53be0b27263c",
            "assign_ipv6_address_on_creation": false,
            "availability_zone": "us-east-2b",
            "availability_zone_id": "use2-az2",
            "cidr_block": "192.168.2.0/24",
            "customer_owned_ipv4_pool": "",
            "enable_dns64": false,
            "enable_resource_name_dns_a_record_on_launch": false,
            "enable_resource_name_dns_aaaa_record_on_launch": false,
            "id": "subnet-0f07c53be0b27263c",
            "ipv6_cidr_block": "",
            "ipv6_cidr_block_association_id": "",
            "ipv6_native": false,
            "map_customer_owned_ip_on_launch": false,
            "map_public_ip_on_launch": true,
            "outpost_arn": "",
            "owner_id": "729855611727",
            "private_dns_hostname_type_on_launch": "ip-name",
            "tags": {
              "Name": "lb-subnet"
            },
            "tags_all": {
              "Name": "lb-subnet"
            },
            "timeouts": null,
            "vpc_id": "vpc-0016a67a1309b30e4"
          },
          "sensitive_attributes": [],
          "private": "eyJlMmJmYjczMC1lY2FhLTExZTYtOGY4OC0zNDM2M2JjN2M0YzAiOnsiY3JlYXRlIjo2MDAwMDAwMDAwMDAsImRlbGV0ZSI6MTIwMDAwMDAwMDAwMH0sInNjaGVtYV92ZXJzaW9uIjoiMSJ9",
          "dependencies": [
            "aws_vpc.jenkins"
          ]
        }
      ]
    },
    {
      "mode": "managed",
      "type": "aws_vpc",
      "name": "jenkins",
      "provider": "provider[\"registry.terraform.io/hashicorp/aws\"]",
      "instances": [
        {
          "schema_version": 1,
          "attributes": {
            "arn": "arn:aws:ec2:us-east-2:729855611727:vpc/vpc-0016a67a1309b30e4",
            "assign_generated_ipv6_cidr_block": false,
            "cidr_block": "192.168.0.0/16",
            "default_network_acl_id": "acl-0feb18dcf31920593",
            "default_route_table_id": "rtb-032c3b9792eb584af",
            "default_security_group_id": "sg-0bf7b773172df223a",
            "dhcp_options_id": "dopt-0b1f95f4d053dd89a",
            "enable_classiclink": false,
            "enable_classiclink_dns_support": false,
            "enable_dns_hostnames": false,
            "enable_dns_support": true,
            "enable_network_address_usage_metrics": false,
            "id": "vpc-0016a67a1309b30e4",
            "instance_tenancy": "default",
            "ipv4_ipam_pool_id": null,
            "ipv4_netmask_length": null,
            "ipv6_association_id": "",
            "ipv6_cidr_block": "",
            "ipv6_cidr_block_network_border_group": "",
            "ipv6_ipam_pool_id": "",
            "ipv6_netmask_length": 0,
            "main_route_table_id": "rtb-032c3b9792eb584af",
            "owner_id": "729855611727",
            "tags": {
              "Name": "Jenkins-vpc"
            },
            "tags_all": {
              "Name": "Jenkins-vpc"
            }
          },
          "sensitive_attributes": [],
          "private": "eyJzY2hlbWFfdmVyc2lvbiI6IjEifQ=="
        }
      ]
    },
    {
      "mode": "managed",
      "type": "local_file",
      "name": "ssh_key",
      "provider": "provider[\"registry.terraform.io/hashicorp/local\"]",
      "instances": [
        {
          "schema_version": 0,
          "attributes": {
            "content": "-----BEGIN RSA PRIVATE KEY-----\nMIIJKAIBAAKCAgEAvA9tO3yZAm7hjjiGjTDQCYiS+izix3HvaeJ9W0Azm25mwvdM\n+91alRGD0GdyGaevXPObQixmhDOwSMeUJeMdrsaHhLFKAU8Pwt6NzTS7xXf2st1x\n9jUi01o8aVbE9H6aD0LPNMIoOC+4VpxUIQS69u8UCxNOZ8EjQeF6rYfZD7PfU5/3\n0fPTUycB1EJjcuRk8vHoihbiqBpEwrwdtUZ8HUJXEh4wvupP23kj9h+lMuAjYto1\nyzdFqg7ZOo5ZJrlXD3PSl5XaNZVYbtremXoDjbCTSbWm3tAPaNeX7V+c6Wwc9i0h\nTFpMHe9CpooBlNXWjB+fXTmJ5gj6RZFg96JDwso/3Dlt50pxw6oH+3jOO/KBeBpV\n3AsL6i5IVyG8xeGTYaiIbCE/DbBXqCvWZFxxIhv4aGGXvr74/F6MXDXQkdhKMfLy\nA1ylw9aHl0NhlxezVst/rpoS3mm+KxeJSOttdDDQahUS/Wm0yrnjW82A8anUkfXj\nU7sWNUBmQw8LOW7gZTaPy38/fvLEOgM2O4EXx/6GN2AV9oRdT4dK9jPykLmqyFKl\nEzPpOWzhZ4rWwtLdKftODqs/Ea64NF+rcE58Vtaum9GaX3mFQhFPh6a0oRmNGYvU\nLQjOtRcMm7mHbWm89c7qJuimrnCPcr0TM735bxbOSTOEkCPzy1hEE0zYY8ECAwEA\nAQKCAgB1XpNn2v2L3TP8lR60o9BTAt/oL3dhzqQDS429E7ahvSd5auqrDp1oB8Ri\nnw1BIbx6oLc3d4qL286bvaOiebqex9zwXc24P2Ww00Fg3xaJybM4MqjbZpJToi+t\n9q95gEIaYDH91WdQmcfMlkiTSuZ9Ev1JZEU8z/d3OIheITjBahtpj58Vc71iWif0\nF3MF07GFRqFA/cN78tkTSGCqMFFp2WuKLTlzDb3FVjexdlKeC/FJ0rJcICTkW9wL\nhafyWR4S0NCQNsA3TPwiQ4tF8jahiaCDElIRIX1ci6GQTmoZ7JWutr/fbUOwMxE/\n60XNZCBA18OYZT7BSL0aCf+gza7Hor1t1rbbnrClwmH3gcokO0+xPVBrn6Oqye4F\n4eGRgaGnY08KQnzHSE3foqo6jp2mXmNK2vhFPR0AB7LNXDow8rX8Jy0txv5q5vaU\n0vTGpyEe68CkfSP8r2+1vw9iSZ2HNG/+qF8ZDeEIePdj9gePLzJ6CZAcmhRPLZpo\nudKTpMkLpu074CLHN2J7Rv6qVEOTYEq8diUFWF8CsoqcPFprPAgtFs8oqkd0bpl0\nMsLIdUvpG0SOGboZ0CKywAEbiq5Uvq85JS93mXDCqOAZsEv/XkzZ/4gLwVkgEqkb\njTl8GjAcbTBvpyTtDfGSg7lW6Ik3qDIAJUYPTNaYdIuyyGIK+QKCAQEAypbqd3KM\nzCt63fdZnxRxoa3I/GGUq3er66Xkra9vCeppGqqblMkgKG61bSxiD/2SSdUIG8B5\n/UzwYlvd/FHwfTao8Pv329ETrtK3u0V7sYZ+RRj1/1fTQ30UZLIQ7pGrZijKZtRl\n1yf6UVu0WBKJHOfsizZFFX48BXpgmgkXVDOyk52ybgkyppQBViGT4gBnrHuwN6yx\n3hbAHAonwfp/BVCq6YsVdKOYrKLDlk1K0pD9kMPQ0Q2yUR9zoJnSxvs4qwN4spKS\nF7V2h3Rnv8DFa5D89mBb4udjsdZs4qm5SGqwxkpIGSxW0YOkkhYUQDaJmrJdaXPK\nbATWE38Ry81B8wKCAQEA7aPomzwxdoY/Q8LcPBRn7gmYLaDnpmI+pp7+TUz4fSMZ\nmE22mjYNJNZigx49rWzIlqf0vnEvauw30VxvqPfByJaKUJOcsfyYY0gYcK3adS9y\n/P815Uu2RTVG7LDH5dO69bIbVBSy57HwgPchldSFOU7gpnwZb5lXtul93Pjvn8va\nB6uX017VoOkENH9vaTpnMYteQcZ9qLbgBf00sksjrViEo1hOxyUXBKE2aUieivEK\nvHIS5vjiBi6lqocyeqMOl5i2UIjEee5c2+rbGi1UP51ZwWoVKSCtg79dBxPsD7hZ\nDc0qrtpjuHDO2SlLSqNc8fP8xJTbFKPuZtq3P5h8ewKCAQADlS2qVR1GUxKGMGSm\nWo8z48XlKLifW6tvrGxh4fNdwoZ/UTsVI4VtEaAlwR4u2DYpFhphm0LNBvpNUwCX\nAL/3Butv75TPj2AAvHtBVZY9anp7MFjRXjU/QUwGB9wiy/KzCM+jh+gRKQTVQYDr\n+c/w8e0N/TS1j5jyI9rnfneqJovm7mgEaCc8KOvpIQjje0xaEYnpQiWXHuHg3REc\n7hgm+Ok83hfQC0Cc9PfuhYloNeY2FDByMgLQSnUaBv5iRHkZFSOiTNNGlg/1j0py\naq9TGqpOlR+q4Jqzv24HiCbdr/1WVGP4Bf+3DtPvPXK4O/6s/LCIN+MBjAhZKesf\npo6fAoIBAQC98Xg3tCoZAX7Jy5O7FdhoZBTVy7m8vOQ0y/qZkL9BTm/j06HzquZg\nnlcJVH+aAcxm1wKBwfhTr1GCLy800Ct9CA6wDvx9K1gmavbWAbAOYIm5fMf4acbb\nlJUHFNoCcnUKc3zyfMTu+sQwYNfgaYi+4LQhfinakKeSlRi8KeFmSUsRPG9TTIbW\nYcmxqHZFlp/q8um5C01fMCTpxJR9Oh/fK1SBN1FoTdYTJkRWbOwERFv/efJv2VjX\n9isGnZ+UdIZyV2bKAjeA+iwQv6y3RKoFWuDl/sPBJtRp7OgPgzX47rGHnYjTT83L\nG6fJ3f7HPsJIxmswOYbO/aTNY157H4fHAoIBAAl55nc1H/xt/GnWIZ8Xyi1PXoO4\n7nFxcGNdvwWq/7ZU0DuCFG1yxhv81nRyBGSk0dDN1kpn6aj61O2DfHV0vUpThKO/\n6KmOlxabq3DYTZIx6ZSt2RS/uRgSarZtdzH2u9wxowPXoXdIBYeRbnfFn+bZJfzR\nWKCTWazzFjS4QJps8pDdgAGuY35AUfkMzy9m6T3l4HsEtHpkf5qGCAp0Ac8tEIvH\nIrQ0qO3eDL0V4oKQCVW3AXcC/UTj3OyZNzkYO9ANjYPf0vQQbldC/pYU9YGBpqSU\nRVZFZzzWYfmWT9Q5IC67ACpPrCJONMz/IdtUidm87yhphxUJy4hfzrGjCCI=\n-----END RSA PRIVATE KEY-----\n",
            "content_base64": null,
            "content_base64sha256": "/3vFV0nrTg6l95/eOGalSb7ifRawllb4mD2S05agPSg=",
            "content_base64sha512": "FFSOJ7E9naqpKHlSZ9YySvi/Ih47tKMCcZGNa9YnfpGhtp3Mj3fF/gNfXususOHsU9EzUK5lqmiRZiv9+HhL5Q==",
            "content_md5": "fe721871455f75c54483ef24b8a8026e",
            "content_sha1": "704f4bfe4ddddb908c2d79b98448d1cf0d781c6f",
            "content_sha256": "ff7bc55749eb4e0ea5f79fde3866a549bee27d16b09656f8983d92d396a03d28",
            "content_sha512": "14548e27b13d9daaa928795267d6324af8bf221e3bb4a30271918d6bd6277e91a1b69dcc8f77c5fe035f5eeb2eb0e1ec53d13350ae65aa6891662bfdf8784be5",
            "directory_permission": "0777",
            "file_permission": "0777",
            "filename": "anael.pem",
            "id": "704f4bfe4ddddb908c2d79b98448d1cf0d781c6f",
            "sensitive_content": null,
            "source": null
          },
          "sensitive_attributes": [
            [
              {
                "type": "get_attr",
                "value": "content"
              }
            ]
          ],
          "dependencies": [
            "aws_key_pair.anael",
            "tls_private_key.anael"
          ]
        }
      ]
    },
    {
      "mode": "managed",
      "type": "tls_private_key",
      "name": "anael",
      "provider": "provider[\"registry.terraform.io/hashicorp/tls\"]",
      "instances": [
        {
          "schema_version": 1,
          "attributes": {
            "algorithm": "RSA",
            "ecdsa_curve": "P224",
            "id": "9ce34b430fd5f9644e1745397481bb6381e65694",
            "private_key_openssh": "-----BEGIN OPENSSH PRIVATE KEY-----\nb3BlbnNzaC1rZXktdjEAAAAABG5vbmUAAAAEbm9uZQAAAAAAAAABAAACFwAAAAdz\nc2gtcnNhAAAAAwEAAQAAAgEAvA9tO3yZAm7hjjiGjTDQCYiS+izix3HvaeJ9W0Az\nm25mwvdM+91alRGD0GdyGaevXPObQixmhDOwSMeUJeMdrsaHhLFKAU8Pwt6NzTS7\nxXf2st1x9jUi01o8aVbE9H6aD0LPNMIoOC+4VpxUIQS69u8UCxNOZ8EjQeF6rYfZ\nD7PfU5/30fPTUycB1EJjcuRk8vHoihbiqBpEwrwdtUZ8HUJXEh4wvupP23kj9h+l\nMuAjYto1yzdFqg7ZOo5ZJrlXD3PSl5XaNZVYbtremXoDjbCTSbWm3tAPaNeX7V+c\n6Wwc9i0hTFpMHe9CpooBlNXWjB+fXTmJ5gj6RZFg96JDwso/3Dlt50pxw6oH+3jO\nO/KBeBpV3AsL6i5IVyG8xeGTYaiIbCE/DbBXqCvWZFxxIhv4aGGXvr74/F6MXDXQ\nkdhKMfLyA1ylw9aHl0NhlxezVst/rpoS3mm+KxeJSOttdDDQahUS/Wm0yrnjW82A\n8anUkfXjU7sWNUBmQw8LOW7gZTaPy38/fvLEOgM2O4EXx/6GN2AV9oRdT4dK9jPy\nkLmqyFKlEzPpOWzhZ4rWwtLdKftODqs/Ea64NF+rcE58Vtaum9GaX3mFQhFPh6a0\noRmNGYvULQjOtRcMm7mHbWm89c7qJuimrnCPcr0TM735bxbOSTOEkCPzy1hEE0zY\nY8EAAAc4731VPe99VT0AAAAHc3NoLXJzYQAAAgEAvA9tO3yZAm7hjjiGjTDQCYiS\n+izix3HvaeJ9W0Azm25mwvdM+91alRGD0GdyGaevXPObQixmhDOwSMeUJeMdrsaH\nhLFKAU8Pwt6NzTS7xXf2st1x9jUi01o8aVbE9H6aD0LPNMIoOC+4VpxUIQS69u8U\nCxNOZ8EjQeF6rYfZD7PfU5/30fPTUycB1EJjcuRk8vHoihbiqBpEwrwdtUZ8HUJX\nEh4wvupP23kj9h+lMuAjYto1yzdFqg7ZOo5ZJrlXD3PSl5XaNZVYbtremXoDjbCT\nSbWm3tAPaNeX7V+c6Wwc9i0hTFpMHe9CpooBlNXWjB+fXTmJ5gj6RZFg96JDwso/\n3Dlt50pxw6oH+3jOO/KBeBpV3AsL6i5IVyG8xeGTYaiIbCE/DbBXqCvWZFxxIhv4\naGGXvr74/F6MXDXQkdhKMfLyA1ylw9aHl0NhlxezVst/rpoS3mm+KxeJSOttdDDQ\nahUS/Wm0yrnjW82A8anUkfXjU7sWNUBmQw8LOW7gZTaPy38/fvLEOgM2O4EXx/6G\nN2AV9oRdT4dK9jPykLmqyFKlEzPpOWzhZ4rWwtLdKftODqs/Ea64NF+rcE58Vtau\nm9GaX3mFQhFPh6a0oRmNGYvULQjOtRcMm7mHbWm89c7qJuimrnCPcr0TM735bxbO\nSTOEkCPzy1hEE0zYY8EAAAADAQABAAACAHVek2fa/YvdM/yVHrSj0FMC3+gvd2HO\npANLjb0TtqG9J3lq6qsOnWgHxGKfDUEhvHqgtzd3iovbzpu9o6J5up7H3PBdzbg/\nZbDTQWDfFonJszgyqNtmklOiL632r3mAQhpgMf3VZ1CZx8yWSJNK5n0S/UlkRTzP\n93c4iF4hOMFqG2mPnxVzvWJaJ/QXcwXTsYVGoUD9w3vy2RNIYKowUWnZa4otOXMN\nvcVWN7F2Up4L8UnSslwgJORb3AuFp/JZHhLQ0JA2wDdM/CJDi0XyNqGJoIMSUhEh\nfVyLoZBOahnsla62v99tQ7AzET/rRc1kIEDXw5hlPsFIvRoJ/6DNrseivW3Wttue\nsKXCYfeByiQ7T7E9UGufo6rJ7gXh4ZGBoadjTwpCfMdITd+iqjqOnaZeY0ra+EU9\nHQAHss1cOjDytfwnLS3G/mrm9pTS9ManIR7rwKR9I/yvb7W/D2JJnYc0b/6oXxkN\n4Qh492P2B48vMnoJkByaFE8tmmi50pOkyQum7TvgIsc3YntG/qpUQ5NgSrx2JQVY\nXwKyipw8Wms8CC0WzyiqR3RumXQywsh1S+kbRI4ZuhnQIrLAARuKrlS+rzklL3eZ\ncMKo4BmwS/9eTNn/iAvBWSASqRuNOXwaMBxtMG+nJO0N8ZKDuVboiTeoMgAlRg9M\n1ph0i7LIYgr5AAABAAl55nc1H/xt/GnWIZ8Xyi1PXoO47nFxcGNdvwWq/7ZU0DuC\nFG1yxhv81nRyBGSk0dDN1kpn6aj61O2DfHV0vUpThKO/6KmOlxabq3DYTZIx6ZSt\n2RS/uRgSarZtdzH2u9wxowPXoXdIBYeRbnfFn+bZJfzRWKCTWazzFjS4QJps8pDd\ngAGuY35AUfkMzy9m6T3l4HsEtHpkf5qGCAp0Ac8tEIvHIrQ0qO3eDL0V4oKQCVW3\nAXcC/UTj3OyZNzkYO9ANjYPf0vQQbldC/pYU9YGBpqSURVZFZzzWYfmWT9Q5IC67\nACpPrCJONMz/IdtUidm87yhphxUJy4hfzrGjCCIAAAEBAMqW6ndyjMwret33WZ8U\ncaGtyPxhlKt3q+ul5K2vbwnqaRqqm5TJIChutW0sYg/9kknVCBvAef1M8GJb3fxR\n8H02qPD799vRE67St7tFe7GGfkUY9f9X00N9FGSyEO6Rq2YoymbUZdcn+lFbtFgS\niRzn7Is2RRV+PAV6YJoJF1QzspOdsm4JMqaUAVYhk+IAZ6x7sDessd4WwBwKJ8H6\nfwVQqumLFXSjmKyiw5ZNStKQ/ZDD0NENslEfc6CZ0sb7OKsDeLKSkhe1dod0Z7/A\nxWuQ/PZgW+LnY7HWbOKpuUhqsMZKSBksVtGDpJIWFEA2iZqyXWlzymwE1hN/EcvN\nQfMAAAEBAO2j6Js8MXaGP0PC3DwUZ+4JmC2g56ZiPqae/k1M+H0jGZhNtpo2DSTW\nYoMePa1syJan9L5xL2rsN9Fcb6j3wciWilCTnLH8mGNIGHCt2nUvcvz/NeVLtkU1\nRuywx+XTuvWyG1QUsuex8ID3IZXUhTlO4KZ8GW+ZV7bpfdz475/L2gerl9Ne1aDp\nBDR/b2k6ZzGLXkHGfai24AX9NLJLI61YhKNYTsclFwShNmlInorxCrxyEub44gYu\npaqHMnqjDpeYtlCIxHnuXNvq2xotVD+dWcFqFSkgrYO/XQcT7A+4WQ3NKq7aY7hw\nztkpS0qjXPHz/MSU2xSj7mbatz+YfHsAAAAAAQID\n-----END OPENSSH PRIVATE KEY-----\n",
            "private_key_pem": "-----BEGIN RSA PRIVATE KEY-----\nMIIJKAIBAAKCAgEAvA9tO3yZAm7hjjiGjTDQCYiS+izix3HvaeJ9W0Azm25mwvdM\n+91alRGD0GdyGaevXPObQixmhDOwSMeUJeMdrsaHhLFKAU8Pwt6NzTS7xXf2st1x\n9jUi01o8aVbE9H6aD0LPNMIoOC+4VpxUIQS69u8UCxNOZ8EjQeF6rYfZD7PfU5/3\n0fPTUycB1EJjcuRk8vHoihbiqBpEwrwdtUZ8HUJXEh4wvupP23kj9h+lMuAjYto1\nyzdFqg7ZOo5ZJrlXD3PSl5XaNZVYbtremXoDjbCTSbWm3tAPaNeX7V+c6Wwc9i0h\nTFpMHe9CpooBlNXWjB+fXTmJ5gj6RZFg96JDwso/3Dlt50pxw6oH+3jOO/KBeBpV\n3AsL6i5IVyG8xeGTYaiIbCE/DbBXqCvWZFxxIhv4aGGXvr74/F6MXDXQkdhKMfLy\nA1ylw9aHl0NhlxezVst/rpoS3mm+KxeJSOttdDDQahUS/Wm0yrnjW82A8anUkfXj\nU7sWNUBmQw8LOW7gZTaPy38/fvLEOgM2O4EXx/6GN2AV9oRdT4dK9jPykLmqyFKl\nEzPpOWzhZ4rWwtLdKftODqs/Ea64NF+rcE58Vtaum9GaX3mFQhFPh6a0oRmNGYvU\nLQjOtRcMm7mHbWm89c7qJuimrnCPcr0TM735bxbOSTOEkCPzy1hEE0zYY8ECAwEA\nAQKCAgB1XpNn2v2L3TP8lR60o9BTAt/oL3dhzqQDS429E7ahvSd5auqrDp1oB8Ri\nnw1BIbx6oLc3d4qL286bvaOiebqex9zwXc24P2Ww00Fg3xaJybM4MqjbZpJToi+t\n9q95gEIaYDH91WdQmcfMlkiTSuZ9Ev1JZEU8z/d3OIheITjBahtpj58Vc71iWif0\nF3MF07GFRqFA/cN78tkTSGCqMFFp2WuKLTlzDb3FVjexdlKeC/FJ0rJcICTkW9wL\nhafyWR4S0NCQNsA3TPwiQ4tF8jahiaCDElIRIX1ci6GQTmoZ7JWutr/fbUOwMxE/\n60XNZCBA18OYZT7BSL0aCf+gza7Hor1t1rbbnrClwmH3gcokO0+xPVBrn6Oqye4F\n4eGRgaGnY08KQnzHSE3foqo6jp2mXmNK2vhFPR0AB7LNXDow8rX8Jy0txv5q5vaU\n0vTGpyEe68CkfSP8r2+1vw9iSZ2HNG/+qF8ZDeEIePdj9gePLzJ6CZAcmhRPLZpo\nudKTpMkLpu074CLHN2J7Rv6qVEOTYEq8diUFWF8CsoqcPFprPAgtFs8oqkd0bpl0\nMsLIdUvpG0SOGboZ0CKywAEbiq5Uvq85JS93mXDCqOAZsEv/XkzZ/4gLwVkgEqkb\njTl8GjAcbTBvpyTtDfGSg7lW6Ik3qDIAJUYPTNaYdIuyyGIK+QKCAQEAypbqd3KM\nzCt63fdZnxRxoa3I/GGUq3er66Xkra9vCeppGqqblMkgKG61bSxiD/2SSdUIG8B5\n/UzwYlvd/FHwfTao8Pv329ETrtK3u0V7sYZ+RRj1/1fTQ30UZLIQ7pGrZijKZtRl\n1yf6UVu0WBKJHOfsizZFFX48BXpgmgkXVDOyk52ybgkyppQBViGT4gBnrHuwN6yx\n3hbAHAonwfp/BVCq6YsVdKOYrKLDlk1K0pD9kMPQ0Q2yUR9zoJnSxvs4qwN4spKS\nF7V2h3Rnv8DFa5D89mBb4udjsdZs4qm5SGqwxkpIGSxW0YOkkhYUQDaJmrJdaXPK\nbATWE38Ry81B8wKCAQEA7aPomzwxdoY/Q8LcPBRn7gmYLaDnpmI+pp7+TUz4fSMZ\nmE22mjYNJNZigx49rWzIlqf0vnEvauw30VxvqPfByJaKUJOcsfyYY0gYcK3adS9y\n/P815Uu2RTVG7LDH5dO69bIbVBSy57HwgPchldSFOU7gpnwZb5lXtul93Pjvn8va\nB6uX017VoOkENH9vaTpnMYteQcZ9qLbgBf00sksjrViEo1hOxyUXBKE2aUieivEK\nvHIS5vjiBi6lqocyeqMOl5i2UIjEee5c2+rbGi1UP51ZwWoVKSCtg79dBxPsD7hZ\nDc0qrtpjuHDO2SlLSqNc8fP8xJTbFKPuZtq3P5h8ewKCAQADlS2qVR1GUxKGMGSm\nWo8z48XlKLifW6tvrGxh4fNdwoZ/UTsVI4VtEaAlwR4u2DYpFhphm0LNBvpNUwCX\nAL/3Butv75TPj2AAvHtBVZY9anp7MFjRXjU/QUwGB9wiy/KzCM+jh+gRKQTVQYDr\n+c/w8e0N/TS1j5jyI9rnfneqJovm7mgEaCc8KOvpIQjje0xaEYnpQiWXHuHg3REc\n7hgm+Ok83hfQC0Cc9PfuhYloNeY2FDByMgLQSnUaBv5iRHkZFSOiTNNGlg/1j0py\naq9TGqpOlR+q4Jqzv24HiCbdr/1WVGP4Bf+3DtPvPXK4O/6s/LCIN+MBjAhZKesf\npo6fAoIBAQC98Xg3tCoZAX7Jy5O7FdhoZBTVy7m8vOQ0y/qZkL9BTm/j06HzquZg\nnlcJVH+aAcxm1wKBwfhTr1GCLy800Ct9CA6wDvx9K1gmavbWAbAOYIm5fMf4acbb\nlJUHFNoCcnUKc3zyfMTu+sQwYNfgaYi+4LQhfinakKeSlRi8KeFmSUsRPG9TTIbW\nYcmxqHZFlp/q8um5C01fMCTpxJR9Oh/fK1SBN1FoTdYTJkRWbOwERFv/efJv2VjX\n9isGnZ+UdIZyV2bKAjeA+iwQv6y3RKoFWuDl/sPBJtRp7OgPgzX47rGHnYjTT83L\nG6fJ3f7HPsJIxmswOYbO/aTNY157H4fHAoIBAAl55nc1H/xt/GnWIZ8Xyi1PXoO4\n7nFxcGNdvwWq/7ZU0DuCFG1yxhv81nRyBGSk0dDN1kpn6aj61O2DfHV0vUpThKO/\n6KmOlxabq3DYTZIx6ZSt2RS/uRgSarZtdzH2u9wxowPXoXdIBYeRbnfFn+bZJfzR\nWKCTWazzFjS4QJps8pDdgAGuY35AUfkMzy9m6T3l4HsEtHpkf5qGCAp0Ac8tEIvH\nIrQ0qO3eDL0V4oKQCVW3AXcC/UTj3OyZNzkYO9ANjYPf0vQQbldC/pYU9YGBpqSU\nRVZFZzzWYfmWT9Q5IC67ACpPrCJONMz/IdtUidm87yhphxUJy4hfzrGjCCI=\n-----END RSA PRIVATE KEY-----\n",
            "private_key_pem_pkcs8": "-----BEGIN PRIVATE KEY-----\nMIIJQgIBADANBgkqhkiG9w0BAQEFAASCCSwwggkoAgEAAoICAQC8D207fJkCbuGO\nOIaNMNAJiJL6LOLHce9p4n1bQDObbmbC90z73VqVEYPQZ3IZp69c85tCLGaEM7BI\nx5Ql4x2uxoeEsUoBTw/C3o3NNLvFd/ay3XH2NSLTWjxpVsT0fpoPQs80wig4L7hW\nnFQhBLr27xQLE05nwSNB4Xqth9kPs99Tn/fR89NTJwHUQmNy5GTy8eiKFuKoGkTC\nvB21RnwdQlcSHjC+6k/beSP2H6Uy4CNi2jXLN0WqDtk6jlkmuVcPc9KXldo1lVhu\n2t6ZegONsJNJtabe0A9o15ftX5zpbBz2LSFMWkwd70KmigGU1daMH59dOYnmCPpF\nkWD3okPCyj/cOW3nSnHDqgf7eM478oF4GlXcCwvqLkhXIbzF4ZNhqIhsIT8NsFeo\nK9ZkXHEiG/hoYZe+vvj8XoxcNdCR2Eox8vIDXKXD1oeXQ2GXF7NWy3+umhLeab4r\nF4lI6210MNBqFRL9abTKueNbzYDxqdSR9eNTuxY1QGZDDws5buBlNo/Lfz9+8sQ6\nAzY7gRfH/oY3YBX2hF1Ph0r2M/KQuarIUqUTM+k5bOFnitbC0t0p+04Oqz8Rrrg0\nX6twTnxW1q6b0ZpfeYVCEU+HprShGY0Zi9QtCM61FwybuYdtabz1zuom6KaucI9y\nvRMzvflvFs5JM4SQI/PLWEQTTNhjwQIDAQABAoICAHVek2fa/YvdM/yVHrSj0FMC\n3+gvd2HOpANLjb0TtqG9J3lq6qsOnWgHxGKfDUEhvHqgtzd3iovbzpu9o6J5up7H\n3PBdzbg/ZbDTQWDfFonJszgyqNtmklOiL632r3mAQhpgMf3VZ1CZx8yWSJNK5n0S\n/UlkRTzP93c4iF4hOMFqG2mPnxVzvWJaJ/QXcwXTsYVGoUD9w3vy2RNIYKowUWnZ\na4otOXMNvcVWN7F2Up4L8UnSslwgJORb3AuFp/JZHhLQ0JA2wDdM/CJDi0XyNqGJ\noIMSUhEhfVyLoZBOahnsla62v99tQ7AzET/rRc1kIEDXw5hlPsFIvRoJ/6DNrsei\nvW3WttuesKXCYfeByiQ7T7E9UGufo6rJ7gXh4ZGBoadjTwpCfMdITd+iqjqOnaZe\nY0ra+EU9HQAHss1cOjDytfwnLS3G/mrm9pTS9ManIR7rwKR9I/yvb7W/D2JJnYc0\nb/6oXxkN4Qh492P2B48vMnoJkByaFE8tmmi50pOkyQum7TvgIsc3YntG/qpUQ5Ng\nSrx2JQVYXwKyipw8Wms8CC0WzyiqR3RumXQywsh1S+kbRI4ZuhnQIrLAARuKrlS+\nrzklL3eZcMKo4BmwS/9eTNn/iAvBWSASqRuNOXwaMBxtMG+nJO0N8ZKDuVboiTeo\nMgAlRg9M1ph0i7LIYgr5AoIBAQDKlup3cozMK3rd91mfFHGhrcj8YZSrd6vrpeSt\nr28J6mkaqpuUySAobrVtLGIP/ZJJ1QgbwHn9TPBiW938UfB9Nqjw+/fb0ROu0re7\nRXuxhn5FGPX/V9NDfRRkshDukatmKMpm1GXXJ/pRW7RYEokc5+yLNkUVfjwFemCa\nCRdUM7KTnbJuCTKmlAFWIZPiAGese7A3rLHeFsAcCifB+n8FUKrpixV0o5isosOW\nTUrSkP2Qw9DRDbJRH3OgmdLG+zirA3iykpIXtXaHdGe/wMVrkPz2YFvi52Ox1mzi\nqblIarDGSkgZLFbRg6SSFhRANomasl1pc8psBNYTfxHLzUHzAoIBAQDto+ibPDF2\nhj9Dwtw8FGfuCZgtoOemYj6mnv5NTPh9IxmYTbaaNg0k1mKDHj2tbMiWp/S+cS9q\n7DfRXG+o98HIlopQk5yx/JhjSBhwrdp1L3L8/zXlS7ZFNUbssMfl07r1shtUFLLn\nsfCA9yGV1IU5TuCmfBlvmVe26X3c+O+fy9oHq5fTXtWg6QQ0f29pOmcxi15Bxn2o\ntuAF/TSySyOtWISjWE7HJRcEoTZpSJ6K8Qq8chLm+OIGLqWqhzJ6ow6XmLZQiMR5\n7lzb6tsaLVQ/nVnBahUpIK2Dv10HE+wPuFkNzSqu2mO4cM7ZKUtKo1zx8/zElNsU\no+5m2rc/mHx7AoIBAAOVLapVHUZTEoYwZKZajzPjxeUouJ9bq2+sbGHh813Chn9R\nOxUjhW0RoCXBHi7YNikWGmGbQs0G+k1TAJcAv/cG62/vlM+PYAC8e0FVlj1qensw\nWNFeNT9BTAYH3CLL8rMIz6OH6BEpBNVBgOv5z/Dx7Q39NLWPmPIj2ud+d6omi+bu\naARoJzwo6+khCON7TFoRielCJZce4eDdERzuGCb46TzeF9ALQJz09+6FiWg15jYU\nMHIyAtBKdRoG/mJEeRkVI6JM00aWD/WPSnJqr1Maqk6VH6rgmrO/bgeIJt2v/VZU\nY/gF/7cO0+89crg7/qz8sIg34wGMCFkp6x+mjp8CggEBAL3xeDe0KhkBfsnLk7sV\n2GhkFNXLuby85DTL+pmQv0FOb+PTofOq5mCeVwlUf5oBzGbXAoHB+FOvUYIvLzTQ\nK30IDrAO/H0rWCZq9tYBsA5gibl8x/hpxtuUlQcU2gJydQpzfPJ8xO76xDBg1+Bp\niL7gtCF+KdqQp5KVGLwp4WZJSxE8b1NMhtZhybGodkWWn+ry6bkLTV8wJOnElH06\nH98rVIE3UWhN1hMmRFZs7AREW/958m/ZWNf2Kwadn5R0hnJXZsoCN4D6LBC/rLdE\nqgVa4OX+w8Em1Gns6A+DNfjusYediNNPzcsbp8nd/sc+wkjGazA5hs79pM1jXnsf\nh8cCggEACXnmdzUf/G38adYhnxfKLU9eg7jucXFwY12/Bar/tlTQO4IUbXLGG/zW\ndHIEZKTR0M3WSmfpqPrU7YN8dXS9SlOEo7/oqY6XFpurcNhNkjHplK3ZFL+5GBJq\ntm13Mfa73DGjA9ehd0gFh5Fud8Wf5tkl/NFYoJNZrPMWNLhAmmzykN2AAa5jfkBR\n+QzPL2bpPeXgewS0emR/moYICnQBzy0Qi8citDSo7d4MvRXigpAJVbcBdwL9ROPc\n7Jk3ORg70A2Ng9/S9BBuV0L+lhT1gYGmpJRFVkVnPNZh+ZZP1DkgLrsAKk+sIk40\nzP8h21SJ2bzvKGmHFQnLiF/OsaMIIg==\n-----END PRIVATE KEY-----\n",
            "public_key_fingerprint_md5": "6f:20:54:d0:4d:0a:ba:d2:b4:17:ed:6e:39:f6:5b:a6",
            "public_key_fingerprint_sha256": "SHA256:8woO6VWxVeq8ROEM3lo5R+XeYDAI/ybOARtGpnqc/Cs",
            "public_key_openssh": "ssh-rsa AAAAB3NzaC1yc2EAAAADAQABAAACAQC8D207fJkCbuGOOIaNMNAJiJL6LOLHce9p4n1bQDObbmbC90z73VqVEYPQZ3IZp69c85tCLGaEM7BIx5Ql4x2uxoeEsUoBTw/C3o3NNLvFd/ay3XH2NSLTWjxpVsT0fpoPQs80wig4L7hWnFQhBLr27xQLE05nwSNB4Xqth9kPs99Tn/fR89NTJwHUQmNy5GTy8eiKFuKoGkTCvB21RnwdQlcSHjC+6k/beSP2H6Uy4CNi2jXLN0WqDtk6jlkmuVcPc9KXldo1lVhu2t6ZegONsJNJtabe0A9o15ftX5zpbBz2LSFMWkwd70KmigGU1daMH59dOYnmCPpFkWD3okPCyj/cOW3nSnHDqgf7eM478oF4GlXcCwvqLkhXIbzF4ZNhqIhsIT8NsFeoK9ZkXHEiG/hoYZe+vvj8XoxcNdCR2Eox8vIDXKXD1oeXQ2GXF7NWy3+umhLeab4rF4lI6210MNBqFRL9abTKueNbzYDxqdSR9eNTuxY1QGZDDws5buBlNo/Lfz9+8sQ6AzY7gRfH/oY3YBX2hF1Ph0r2M/KQuarIUqUTM+k5bOFnitbC0t0p+04Oqz8Rrrg0X6twTnxW1q6b0ZpfeYVCEU+HprShGY0Zi9QtCM61FwybuYdtabz1zuom6KaucI9yvRMzvflvFs5JM4SQI/PLWEQTTNhjwQ==\n",
            "public_key_pem": "-----BEGIN PUBLIC KEY-----\nMIICIjANBgkqhkiG9w0BAQEFAAOCAg8AMIICCgKCAgEAvA9tO3yZAm7hjjiGjTDQ\nCYiS+izix3HvaeJ9W0Azm25mwvdM+91alRGD0GdyGaevXPObQixmhDOwSMeUJeMd\nrsaHhLFKAU8Pwt6NzTS7xXf2st1x9jUi01o8aVbE9H6aD0LPNMIoOC+4VpxUIQS6\n9u8UCxNOZ8EjQeF6rYfZD7PfU5/30fPTUycB1EJjcuRk8vHoihbiqBpEwrwdtUZ8\nHUJXEh4wvupP23kj9h+lMuAjYto1yzdFqg7ZOo5ZJrlXD3PSl5XaNZVYbtremXoD\njbCTSbWm3tAPaNeX7V+c6Wwc9i0hTFpMHe9CpooBlNXWjB+fXTmJ5gj6RZFg96JD\nwso/3Dlt50pxw6oH+3jOO/KBeBpV3AsL6i5IVyG8xeGTYaiIbCE/DbBXqCvWZFxx\nIhv4aGGXvr74/F6MXDXQkdhKMfLyA1ylw9aHl0NhlxezVst/rpoS3mm+KxeJSOtt\ndDDQahUS/Wm0yrnjW82A8anUkfXjU7sWNUBmQw8LOW7gZTaPy38/fvLEOgM2O4EX\nx/6GN2AV9oRdT4dK9jPykLmqyFKlEzPpOWzhZ4rWwtLdKftODqs/Ea64NF+rcE58\nVtaum9GaX3mFQhFPh6a0oRmNGYvULQjOtRcMm7mHbWm89c7qJuimrnCPcr0TM735\nbxbOSTOEkCPzy1hEE0zYY8ECAwEAAQ==\n-----END PUBLIC KEY-----\n",
            "rsa_bits": 4096
          },
          "sensitive_attributes": []
        }
      ]
    }
  ],
  "check_results": null
}
