{
  "version": 4,
  "terraform_version": "1.2.2",
  "serial": 598,
  "lineage": "8bb4abe4-e4dd-7713-54e6-f631a66e374d",
  "outputs": {
    "mykey": {
      "value": "-----BEGIN RSA PRIVATE KEY-----\nMIIJKAIBAAKCAgEAvwP74nAs6F5UCJYhgppiq2dQCW+t209kPoT0bXQJJDpxwvON\nQuDa7MP3MLFp57bYmfY5w+gCxwFrDYQh1GjgL9R7rjKBP34jN3uo6Zic0YxE0G38\nbAS80Zdw+5+kfyK0kHNW/d696tEk/jGmY1/rBhV2IVm0u+/ZfHNzEVES7qVynSfo\nSJBvPk5SiqoynHAYLobZ/LLfHLcVTAOkr8ldAefJ+YqO4tlqBFK7jNmlG3k6DtZE\nYK7aQ1xExhABJCMQ1+VJExtv9Sgd1kzqUgK/QMDHfJgN5dOGb3Tc52+o3LHK81fa\nUt9jI21dX/r9eIz8M7/gWQWOHMnvlZ/oYIC8AyvaqRytTuILRJoNMEw70TqzBb30\nuurl/DRvZzsZxDgqCBlmVd5YPZ+Q4XjGG+ocMQljNvTMU23ZS9bTQWyOQEt7gmsi\nOHCvmzM4rr24eAKGSxJ/zILvQMVZ9VJmTFn9jPDlGCzMsz17F34Fri24Y/7P9Km8\npgiliP4boHXhQUeVknAZvBQ7PL8TRWXhuthF/GcEhdtsRjGXYlTKFhp59Asf26tz\nnHp5/fGfdmfkc6OTfz0/BBF9ecWeRsJJC/UTDPRRV8pfVenHFV6z0ERbnaWcWIXe\n4EP5t7B8BEPmMp5fYv7mn9r2FNAmeYZjyfjtc0RvF92MBabyC6WHvN9hjNkCAwEA\nAQKCAgAb9QFQywpHmEbEWvTcoKwAWkakmuvfRWdunxcHTgxoeQVdezgZqb9hF+19\n+vl9KI3bOuaJfdOqPNLmT4iEBjWJypevj0TLfjK5VCgMyIFrShRoTTC8vpTEOF4Y\n9eyljvbOjZMV5Rv22lWHvsyTjt5fLZT0nKSPPTOfu2YECtGyjBSSW9zrgfhGLkB2\neyKdMurXJHWTPrrZARLk5UOdVuN9++bb1yPCn/+cUl+Q5en8c2nD8ihf3jej1EVc\nl8sS9u7oKm7flQx13UFAtFE3X5+OYqjP25FtKeBrP7d1SCp24q7JnvodVwSzkrYv\n7hRbKIdhK5wya1W5cPTX+WeReEYMD8px0hK+GtTLH0PoERGbHOkWCgmQ6RVLqrEI\nr9Y/0+NC/qqW+gmdlcAqxkwZ3kqsS1dTurQSPXihwQ0Ty/e1nZSW9oaHWKQcerIw\nEhfGI6XAF1tEDSLbEzCDvce4Bz/6Oulq7LYyYtBBtK9XXQ2Kwa5k2eF6UbNpJDXj\nkeiZhiErc5xZomSLbKcN0QW9sLjJZMgEonNPIThfiFdziXVY34Pb7U0ngQMUK3ZD\nAdygrLjDDSd2fO8G9A96icJdvMd+VaJP6kPEjLvkJGQND6A9GwJtLIw50qp4DKOg\nISrc9V5tKOEW5ZK069KVy7u2Es5F5JpdDqmtktkMcsoZlaKngQKCAQEA8a7h/eFB\nZxiQ31tuVYYHWsaDBBtkXeomkZ9nIjXaY8nbkKnA59uppa6TWRcPECt8QcCM+piJ\nhJWr88kWO+R6OpvGjwOwsRSewcqG6QBb+kt20AfZsQ/O9LRRf4qL56QbGuqGp1oh\nsyLLTF4P8XYbX7G5CdGyptDncFZzGOpV7iVScX1IZSkzxHQUp8+oYzzxFJu00DkT\nsr1P18Eb+TQf1I8bihZGcinEC9xeC4ud9+hHmGJ2Xvhr875t/9FzLGM4Swq86CpJ\npGrdZLqQfK6SAsRaux6barDL5U/Wd4u6hZyGXfLEs05YPR/wbZRLygALp8Gd2X3c\nWcnbFNB8GEqZNQKCAQEAylS6nbbpCNsOk6XRoXl3f7tTB5PeRe6u/aSRQvr7R82F\nhFE/pfoh+l77UoeL06CSB84+vZIHXHvMdz9qyd7lT5Zg0iazU7CgqkKGhAQdAiXO\nJSC+tlvqgEVf+PwM6UZnFUtVXGxmmQG0eBXlN6TuU7fJY4nnjd/fDh3KTKBbDLdO\nmWl/CJSMeFBWvtRm1cvsbXzZTgfP8ilDylpvUsimLa9nff/nROGz2fQ+XMilmDNx\nj6glYvJEnByFdQuS1BOrvmVqggdjXsGc9bLAbdwa7BcvkUd3DbGuwNNxx8ovfyf/\nqcDVNlg+bayaplQJAVVdtrgbndEykzm3ZugHxvn9lQKCAQEArV4qNxhy9iWlJtRL\nnYX7mJ52NWgA422oJSYXsW64LoUKwAdFngzw8Sz9/haQc6T+CZy6hLkPTNCg/Mvu\n6x/GnmxITybyhNSp3ZIOnO3pDO89V5WKD32rk9YV8EvOeGg8GV7LIRmCuyHme+2t\nuiRjFo5CkkyevxN0Mh2RivnuklqrfUXFvOuFexNaDdbkj+uTdJkNZ6DKBJnQwJCC\nJI3Dl5LgynmYJyTWwTtfKyEIPGGfmixnhVDm/35HIg95cwnpw8r8H/7VvN/72NoL\n86S2kM2R2FDoY+xXFzPiQPc24cmaiaIwf/9fRNm4eqK6izjlI328YdvrSW2HfrLf\nkf1RUQKCAQBSSc90IVX5kg4FoqT1hU9Clc8Y/9ygmIh3BB1IHodgFog83kaCnI6B\nI2wXjqUhtuZtYkZGF0QDKx5nSVWHMK4WhlRuY+r/GJDfbhsDSiD6JKIIm5600AE5\nlf2IaApgPY/jKzZWVogLppPdWxpUXTHIvrCbWRThsLEpLph+PaGKNGs1HaDavn+6\n1wHQrtX8EengRayjfa3nET1O6STpiE19ux7eMdu/OgRJmnpahghDNHj1Mi+yZFHf\nJAJrLf/TXQS2dMyygYq6mQfbLY3xoFkat/tSnLwgx6kJJ3XZCbPzhTMHuTN93LnX\nJSHoj7jx3+QzUgF5WAG3uvuKUMgI9tdZAoIBACrfokzTjfqEpc7tbu4shA+/UPkg\nlSz+HYp+1OEhEDjp3tkAxpsh2tvsLCfFn+34+2QfFm/LuSREUsBme/zH+lq49t70\nZQe3u+FcwY7dlNlie3J6OFSOq2Ui2ub8kWvrl3zAMQPzu2U27guCAd1eXLQ20DH+\ncAybneNAYIhIV5R7LwyhF5R0Dc9jv1oa+F1sfjkCxhrY8LkH4z2KO1pHoCHizRg6\nqgzJD8XwdGR+W+gup0feRZfdrzkQDs4eVgSO2MVoJsR+z+gC537SeBAeC/rsLPJI\nZfpfBqzPUGQ7giO4Ig9kML6Jl16GybLl4s31LcDh0Ho3WfHKfiiqMHLVu1Y=\n-----END RSA PRIVATE KEY-----\n}",
      "type": "string",
      "sensitive": true
    }
  },
  "resources": [
    {
      "mode": "managed",
      "type": "ansible_host",
      "name": "BASTIONHOST_A",
      "provider": "provider[\"registry.terraform.io/nbering/ansible\"]",
      "instances": [
        {
          "schema_version": 0,
          "attributes": {
            "groups": [
              "security"
            ],
            "id": "ec2-3-17-186-119.us-east-2.compute.amazonaws.com",
            "inventory_hostname": "ec2-3-17-186-119.us-east-2.compute.amazonaws.com",
            "variable_priority": 50,
            "vars": {
              "ansible_python_interpreter": "/usr/bin/python3",
              "ansible_ssh_private_key_file": "/tmp/anael_premier.pem",
              "ansible_user": "ubuntu"
            }
          },
          "sensitive_attributes": [],
          "private": "bnVsbA==",
          "dependencies": [
            "aws_instance.BASTIONHOST_A",
            "aws_key_pair.keypair",
            "aws_security_group.SG-bastionhosts",
            "aws_subnet.public-bastion",
            "aws_vpc.main",
            "tls_private_key.mykey"
          ]
        }
      ]
    },
    {
      "mode": "managed",
      "type": "ansible_host",
      "name": "BASTIONHOST_B",
      "provider": "provider[\"registry.terraform.io/nbering/ansible\"]",
      "instances": [
        {
          "schema_version": 0,
          "attributes": {
            "groups": [
              "security"
            ],
            "id": "ec2-18-222-161-199.us-east-2.compute.amazonaws.com",
            "inventory_hostname": "ec2-18-222-161-199.us-east-2.compute.amazonaws.com",
            "variable_priority": 50,
            "vars": {
              "ansible_python_interpreter": "/usr/bin/python3",
              "ansible_ssh_private_key_file": "/tmp/anael_premier.pem",
              "ansible_user": "centos"
            }
          },
          "sensitive_attributes": [],
          "private": "bnVsbA==",
          "dependencies": [
            "aws_instance.BASTIONHOST_B",
            "aws_key_pair.keypair",
            "aws_security_group.SG-bastionhosts",
            "aws_subnet.public-bastion",
            "aws_vpc.main",
            "tls_private_key.mykey"
          ]
        }
      ]
    },
    {
      "mode": "managed",
      "type": "ansible_host",
      "name": "FRONTEND001",
      "provider": "provider[\"registry.terraform.io/nbering/ansible\"]",
      "instances": [
        {
          "schema_version": 0,
          "attributes": {
            "groups": [
              "frontend"
            ],
            "id": "ip-10-0-10-79.us-east-2.compute.internal",
            "inventory_hostname": "ip-10-0-10-79.us-east-2.compute.internal",
            "variable_priority": 50,
            "vars": {
              "ansible_python_interpreter": "/usr/bin/python3",
              "ansible_ssh_common_args": " -o ProxyCommand=\"ssh -o StrictHostKeyChecking=no -i /tmp/anael_premier.pem -W %h:%p -q ubuntu@ec2-3-17-186-119.us-east-2.compute.amazonaws.com\"",
              "ansible_ssh_private_key_file": "/tmp/anael_premier.pem",
              "ansible_user": "ubuntu",
              "proxy": "10.0.1.143",
              "role": "master",
              "subnet": "10.0.10.0/24"
            }
          },
          "sensitive_attributes": [],
          "private": "bnVsbA==",
          "dependencies": [
            "aws_instance.BASTIONHOST_A",
            "aws_instance.WEB_A",
            "aws_key_pair.keypair",
            "aws_security_group.SG-bastionhosts",
            "aws_security_group.SG-frontendservers",
            "aws_subnet.private-web",
            "aws_subnet.public-bastion",
            "aws_vpc.main",
            "tls_private_key.mykey"
          ]
        }
      ]
    },
    {
      "mode": "managed",
      "type": "ansible_host",
      "name": "FRONTEND002",
      "provider": "provider[\"registry.terraform.io/nbering/ansible\"]",
      "instances": [
        {
          "schema_version": 0,
          "attributes": {
            "groups": [
              "frontend"
            ],
            "id": "ip-10-0-10-25.us-east-2.compute.internal",
            "inventory_hostname": "ip-10-0-10-25.us-east-2.compute.internal",
            "variable_priority": 50,
            "vars": {
              "ansible_python_interpreter": "/usr/bin/python3",
              "ansible_ssh_common_args": " -o ProxyCommand=\"ssh -o StrictHostKeyChecking=no -i /tmp/anael_premier.pem -W %h:%p -q ubuntu@ec2-18-222-161-199.us-east-2.compute.amazonaws.com\"",
              "ansible_ssh_private_key_file": "/tmp/anael_premier.pem",
              "ansible_user": "centos",
              "proxy": "10.0.1.183",
              "role": "master",
              "subnet": "10.0.10.0/24"
            }
          },
          "sensitive_attributes": [],
          "private": "bnVsbA==",
          "dependencies": [
            "aws_instance.BASTIONHOST_B",
            "aws_instance.WEB_B",
            "aws_key_pair.keypair",
            "aws_security_group.SG-bastionhosts",
            "aws_security_group.SG-frontendservers",
            "aws_subnet.private-web",
            "aws_subnet.public-bastion",
            "aws_vpc.main",
            "tls_private_key.mykey"
          ]
        }
      ]
    },
    {
      "mode": "managed",
      "type": "ansible_host",
      "name": "FRONTEND003",
      "provider": "provider[\"registry.terraform.io/nbering/ansible\"]",
      "instances": [
        {
          "schema_version": 0,
          "attributes": {
            "groups": [
              "frontend"
            ],
            "id": "ip-10-0-10-87.us-east-2.compute.internal",
            "inventory_hostname": "ip-10-0-10-87.us-east-2.compute.internal",
            "variable_priority": 50,
            "vars": {
              "ansible_python_interpreter": "/usr/bin/python3",
              "ansible_ssh_common_args": " -o ProxyCommand=\"ssh -o StrictHostKeyChecking=no -i /tmp/anael_premier.pem -W %h:%p -q ubuntu@ec2-3-17-186-119.us-east-2.compute.amazonaws.com\"",
              "ansible_ssh_private_key_file": "/tmp/anael_premier.pem",
              "ansible_user": "ubuntu",
              "proxy": "10.0.1.143",
              "role": "master",
              "subnet": "10.0.10.0/24"
            }
          },
          "sensitive_attributes": [],
          "private": "bnVsbA==",
          "dependencies": [
            "aws_instance.BASTIONHOST_A",
            "aws_instance.WEB_C",
            "aws_key_pair.keypair",
            "aws_security_group.SG-bastionhosts",
            "aws_security_group.SG-frontendservers",
            "aws_subnet.private-web",
            "aws_subnet.public-bastion",
            "aws_vpc.main",
            "tls_private_key.mykey"
          ]
        }
      ]
    },
    {
      "mode": "managed",
      "type": "ansible_host",
      "name": "SQL001",
      "provider": "provider[\"registry.terraform.io/nbering/ansible\"]",
      "instances": [
        {
          "schema_version": 0,
          "attributes": {
            "groups": [
              "db"
            ],
            "id": "ip-10-0-11-30.us-east-2.compute.internal",
            "inventory_hostname": "ip-10-0-11-30.us-east-2.compute.internal",
            "variable_priority": 50,
            "vars": {
              "ansible_python_interpreter": "/usr/bin/python3",
              "ansible_ssh_common_args": " -o ProxyCommand=\"ssh -o StrictHostKeyChecking=no -i /tmp/anael_premier.pem -W %h:%p -q ubuntu@ec2-18-222-161-199.us-east-2.compute.amazonaws.com\"",
              "ansible_ssh_private_key_file": "/tmp/anael_premier.pem",
              "ansible_user": "ubuntu",
              "proxy": "10.0.1.183",
              "role": "master",
              "subnet": "10.0.11.0/24"
            }
          },
          "sensitive_attributes": [],
          "private": "bnVsbA==",
          "dependencies": [
            "aws_instance.BASTIONHOST_B",
            "aws_instance.SQL_A",
            "aws_key_pair.keypair",
            "aws_security_group.SG-backendservers",
            "aws_security_group.SG-bastionhosts",
            "aws_security_group.SG-frontendservers",
            "aws_subnet.private-db",
            "aws_subnet.public-bastion",
            "aws_vpc.main",
            "tls_private_key.mykey"
          ]
        }
      ]
    },
    {
      "mode": "managed",
      "type": "aws_eip",
      "name": "example",
      "provider": "provider[\"registry.terraform.io/hashicorp/aws\"]",
      "instances": [
        {
          "schema_version": 0,
          "attributes": {
            "address": null,
            "allocation_id": "eipalloc-027deddf4a5ca7ac4",
            "associate_with_private_ip": null,
            "association_id": "",
            "carrier_ip": "",
            "customer_owned_ip": "",
            "customer_owned_ipv4_pool": "",
            "domain": "vpc",
            "id": "eipalloc-027deddf4a5ca7ac4",
            "instance": "",
            "network_border_group": "us-east-2",
            "network_interface": "",
            "private_dns": null,
            "private_ip": "",
            "public_dns": "ec2-18-189-209-24.us-east-2.compute.amazonaws.com",
            "public_ip": "18.189.209.24",
            "public_ipv4_pool": "amazon",
            "tags": null,
            "tags_all": {},
            "timeouts": null,
            "vpc": true
          },
          "sensitive_attributes": [],
          "private": "eyJlMmJmYjczMC1lY2FhLTExZTYtOGY4OC0zNDM2M2JjN2M0YzAiOnsiZGVsZXRlIjoxODAwMDAwMDAwMDAsInJlYWQiOjkwMDAwMDAwMDAwMCwidXBkYXRlIjozMDAwMDAwMDAwMDB9fQ=="
        }
      ]
    },
    {
      "mode": "managed",
      "type": "aws_instance",
      "name": "BASTIONHOST_A",
      "provider": "provider[\"registry.terraform.io/hashicorp/aws\"]",
      "instances": [
        {
          "schema_version": 1,
          "attributes": {
            "ami": "ami-0283a57753b18025b",
            "arn": "arn:aws:ec2:us-east-2:729855611727:instance/i-05eea70bc203115a4",
            "associate_public_ip_address": true,
            "availability_zone": "us-east-2a",
            "capacity_reservation_specification": [
              {
                "capacity_reservation_preference": "open",
                "capacity_reservation_target": []
              }
            ],
            "cpu_core_count": 1,
            "cpu_threads_per_core": 1,
            "credit_specification": [
              {
                "cpu_credits": "standard"
              }
            ],
            "disable_api_termination": false,
            "ebs_block_device": [],
            "ebs_optimized": false,
            "enclave_options": [
              {
                "enabled": false
              }
            ],
            "ephemeral_block_device": [],
            "get_password_data": false,
            "hibernation": false,
            "host_id": null,
            "iam_instance_profile": "",
            "id": "i-05eea70bc203115a4",
            "instance_initiated_shutdown_behavior": "stop",
            "instance_state": "running",
            "instance_type": "t2.micro",
            "ipv6_address_count": 0,
            "ipv6_addresses": [],
            "key_name": "anael_premier",
            "launch_template": [],
            "metadata_options": [
              {
                "http_endpoint": "enabled",
                "http_put_response_hop_limit": 1,
                "http_tokens": "optional",
                "instance_metadata_tags": "disabled"
              }
            ],
            "monitoring": false,
            "network_interface": [],
            "outpost_arn": "",
            "password_data": "",
            "placement_group": "",
            "placement_partition_number": null,
            "primary_network_interface_id": "eni-016a366a52d05e009",
            "private_dns": "ip-10-0-1-143.us-east-2.compute.internal",
            "private_ip": "10.0.1.143",
            "public_dns": "ec2-3-17-186-119.us-east-2.compute.amazonaws.com",
            "public_ip": "3.17.186.119",
            "root_block_device": [
              {
                "delete_on_termination": true,
                "device_name": "/dev/sda1",
                "encrypted": false,
                "iops": 100,
                "kms_key_id": "",
                "tags": {},
                "throughput": 0,
                "volume_id": "vol-029f9c3d7d49d5517",
                "volume_size": 8,
                "volume_type": "gp2"
              }
            ],
            "secondary_private_ips": [],
            "security_groups": [],
            "source_dest_check": true,
            "subnet_id": "subnet-0ed9669361f8b9fd2",
            "tags": {
              "Environment": "dev",
              "Name": "dev-BASTION001",
              "sshUser": "ubuntu"
            },
            "tags_all": {
              "Environment": "dev",
              "Name": "dev-BASTION001",
              "sshUser": "ubuntu"
            },
            "tenancy": "default",
            "timeouts": null,
            "user_data": null,
            "user_data_base64": null,
            "volume_tags": null,
            "vpc_security_group_ids": [
              "sg-01988f7bb03a07627"
            ]
          },
          "sensitive_attributes": [],
          "private": "eyJlMmJmYjczMC1lY2FhLTExZTYtOGY4OC0zNDM2M2JjN2M0YzAiOnsiY3JlYXRlIjo2MDAwMDAwMDAwMDAsImRlbGV0ZSI6MTIwMDAwMDAwMDAwMCwidXBkYXRlIjo2MDAwMDAwMDAwMDB9LCJzY2hlbWFfdmVyc2lvbiI6IjEifQ==",
          "dependencies": [
            "aws_key_pair.keypair",
            "aws_security_group.SG-bastionhosts",
            "aws_subnet.public-bastion",
            "aws_vpc.main",
            "tls_private_key.mykey"
          ]
        }
      ]
    },
    {
      "mode": "managed",
      "type": "aws_instance",
      "name": "BASTIONHOST_B",
      "provider": "provider[\"registry.terraform.io/hashicorp/aws\"]",
      "instances": [
        {
          "schema_version": 1,
          "attributes": {
            "ami": "ami-05a36e1502605b4aa",
            "arn": "arn:aws:ec2:us-east-2:729855611727:instance/i-03554feb83620a8b4",
            "associate_public_ip_address": true,
            "availability_zone": "us-east-2a",
            "capacity_reservation_specification": [
              {
                "capacity_reservation_preference": "open",
                "capacity_reservation_target": []
              }
            ],
            "cpu_core_count": 1,
            "cpu_threads_per_core": 1,
            "credit_specification": [
              {
                "cpu_credits": "standard"
              }
            ],
            "disable_api_termination": false,
            "ebs_block_device": [],
            "ebs_optimized": false,
            "enclave_options": [
              {
                "enabled": false
              }
            ],
            "ephemeral_block_device": [],
            "get_password_data": false,
            "hibernation": false,
            "host_id": null,
            "iam_instance_profile": "",
            "id": "i-03554feb83620a8b4",
            "instance_initiated_shutdown_behavior": "stop",
            "instance_state": "running",
            "instance_type": "t2.micro",
            "ipv6_address_count": 0,
            "ipv6_addresses": [],
            "key_name": "anael_premier",
            "launch_template": [],
            "metadata_options": [
              {
                "http_endpoint": "enabled",
                "http_put_response_hop_limit": 1,
                "http_tokens": "optional",
                "instance_metadata_tags": "disabled"
              }
            ],
            "monitoring": false,
            "network_interface": [],
            "outpost_arn": "",
            "password_data": "",
            "placement_group": "",
            "placement_partition_number": null,
            "primary_network_interface_id": "eni-0a6b6cb534624a13d",
            "private_dns": "ip-10-0-1-183.us-east-2.compute.internal",
            "private_ip": "10.0.1.183",
            "public_dns": "ec2-18-222-161-199.us-east-2.compute.amazonaws.com",
            "public_ip": "18.222.161.199",
            "root_block_device": [
              {
                "delete_on_termination": true,
                "device_name": "/dev/sda1",
                "encrypted": false,
                "iops": 100,
                "kms_key_id": "",
                "tags": {},
                "throughput": 0,
                "volume_id": "vol-0846dd7d44449bb42",
                "volume_size": 10,
                "volume_type": "gp2"
              }
            ],
            "secondary_private_ips": [],
            "security_groups": [],
            "source_dest_check": true,
            "subnet_id": "subnet-0ed9669361f8b9fd2",
            "tags": {
              "Environment": "dev",
              "Name": "dev-BASTION002",
              "sshUser": "centos"
            },
            "tags_all": {
              "Environment": "dev",
              "Name": "dev-BASTION002",
              "sshUser": "centos"
            },
            "tenancy": "default",
            "timeouts": null,
            "user_data": null,
            "user_data_base64": null,
            "volume_tags": null,
            "vpc_security_group_ids": [
              "sg-01988f7bb03a07627"
            ]
          },
          "sensitive_attributes": [],
          "private": "eyJlMmJmYjczMC1lY2FhLTExZTYtOGY4OC0zNDM2M2JjN2M0YzAiOnsiY3JlYXRlIjo2MDAwMDAwMDAwMDAsImRlbGV0ZSI6MTIwMDAwMDAwMDAwMCwidXBkYXRlIjo2MDAwMDAwMDAwMDB9LCJzY2hlbWFfdmVyc2lvbiI6IjEifQ==",
          "dependencies": [
            "aws_key_pair.keypair",
            "aws_security_group.SG-bastionhosts",
            "aws_subnet.public-bastion",
            "aws_vpc.main",
            "tls_private_key.mykey"
          ]
        }
      ]
    },
    {
      "mode": "managed",
      "type": "aws_instance",
      "name": "SQL_A",
      "provider": "provider[\"registry.terraform.io/hashicorp/aws\"]",
      "instances": [
        {
          "schema_version": 1,
          "attributes": {
            "ami": "ami-0283a57753b18025b",
            "arn": "arn:aws:ec2:us-east-2:729855611727:instance/i-05e583acb230efd6c",
            "associate_public_ip_address": false,
            "availability_zone": "us-east-2a",
            "capacity_reservation_specification": [
              {
                "capacity_reservation_preference": "open",
                "capacity_reservation_target": []
              }
            ],
            "cpu_core_count": 2,
            "cpu_threads_per_core": 1,
            "credit_specification": [
              {
                "cpu_credits": "standard"
              }
            ],
            "disable_api_termination": false,
            "ebs_block_device": [],
            "ebs_optimized": false,
            "enclave_options": [
              {
                "enabled": false
              }
            ],
            "ephemeral_block_device": [],
            "get_password_data": false,
            "hibernation": false,
            "host_id": null,
            "iam_instance_profile": "",
            "id": "i-05e583acb230efd6c",
            "instance_initiated_shutdown_behavior": "stop",
            "instance_state": "running",
            "instance_type": "t2.large",
            "ipv6_address_count": 0,
            "ipv6_addresses": [],
            "key_name": "anael_premier",
            "launch_template": [],
            "metadata_options": [
              {
                "http_endpoint": "enabled",
                "http_put_response_hop_limit": 1,
                "http_tokens": "optional",
                "instance_metadata_tags": "disabled"
              }
            ],
            "monitoring": false,
            "network_interface": [],
            "outpost_arn": "",
            "password_data": "",
            "placement_group": "",
            "placement_partition_number": null,
            "primary_network_interface_id": "eni-0e3799f0ff66bb03d",
            "private_dns": "ip-10-0-11-30.us-east-2.compute.internal",
            "private_ip": "10.0.11.30",
            "public_dns": "",
            "public_ip": "",
            "root_block_device": [
              {
                "delete_on_termination": true,
                "device_name": "/dev/sda1",
                "encrypted": false,
                "iops": 100,
                "kms_key_id": "",
                "tags": {},
                "throughput": 0,
                "volume_id": "vol-0cb1a1c0156719cf0",
                "volume_size": 8,
                "volume_type": "gp2"
              }
            ],
            "secondary_private_ips": [],
            "security_groups": [],
            "source_dest_check": true,
            "subnet_id": "subnet-01e6d87da8d5a75f5",
            "tags": {
              "Environment": "dev",
              "Name": "dev-SQL001",
              "sshUser": "ubuntu"
            },
            "tags_all": {
              "Environment": "dev",
              "Name": "dev-SQL001",
              "sshUser": "ubuntu"
            },
            "tenancy": "default",
            "timeouts": null,
            "user_data": null,
            "user_data_base64": null,
            "volume_tags": null,
            "vpc_security_group_ids": [
              "sg-06f116cfa31fa4e27"
            ]
          },
          "sensitive_attributes": [],
          "private": "eyJlMmJmYjczMC1lY2FhLTExZTYtOGY4OC0zNDM2M2JjN2M0YzAiOnsiY3JlYXRlIjo2MDAwMDAwMDAwMDAsImRlbGV0ZSI6MTIwMDAwMDAwMDAwMCwidXBkYXRlIjo2MDAwMDAwMDAwMDB9LCJzY2hlbWFfdmVyc2lvbiI6IjEifQ==",
          "dependencies": [
            "aws_key_pair.keypair",
            "aws_security_group.SG-backendservers",
            "aws_security_group.SG-bastionhosts",
            "aws_security_group.SG-frontendservers",
            "aws_subnet.private-db",
            "aws_vpc.main",
            "tls_private_key.mykey"
          ]
        }
      ]
    },
    {
      "mode": "managed",
      "type": "aws_instance",
      "name": "WEB_A",
      "provider": "provider[\"registry.terraform.io/hashicorp/aws\"]",
      "instances": [
        {
          "schema_version": 1,
          "attributes": {
            "ami": "ami-0283a57753b18025b",
            "arn": "arn:aws:ec2:us-east-2:729855611727:instance/i-0bc7592e3bed33b0e",
            "associate_public_ip_address": false,
            "availability_zone": "us-east-2a",
            "capacity_reservation_specification": [
              {
                "capacity_reservation_preference": "open",
                "capacity_reservation_target": []
              }
            ],
            "cpu_core_count": 2,
            "cpu_threads_per_core": 1,
            "credit_specification": [
              {
                "cpu_credits": "standard"
              }
            ],
            "disable_api_termination": false,
            "ebs_block_device": [],
            "ebs_optimized": false,
            "enclave_options": [
              {
                "enabled": false
              }
            ],
            "ephemeral_block_device": [],
            "get_password_data": false,
            "hibernation": false,
            "host_id": null,
            "iam_instance_profile": "",
            "id": "i-0bc7592e3bed33b0e",
            "instance_initiated_shutdown_behavior": "stop",
            "instance_state": "running",
            "instance_type": "t2.medium",
            "ipv6_address_count": 0,
            "ipv6_addresses": [],
            "key_name": "anael_premier",
            "launch_template": [],
            "metadata_options": [
              {
                "http_endpoint": "enabled",
                "http_put_response_hop_limit": 1,
                "http_tokens": "optional",
                "instance_metadata_tags": "disabled"
              }
            ],
            "monitoring": false,
            "network_interface": [],
            "outpost_arn": "",
            "password_data": "",
            "placement_group": "",
            "placement_partition_number": null,
            "primary_network_interface_id": "eni-0c2d7b332509608d1",
            "private_dns": "ip-10-0-10-79.us-east-2.compute.internal",
            "private_ip": "10.0.10.79",
            "public_dns": "",
            "public_ip": "",
            "root_block_device": [
              {
                "delete_on_termination": true,
                "device_name": "/dev/sda1",
                "encrypted": false,
                "iops": 100,
                "kms_key_id": "",
                "tags": {},
                "throughput": 0,
                "volume_id": "vol-043444cc23e703ee8",
                "volume_size": 8,
                "volume_type": "gp2"
              }
            ],
            "secondary_private_ips": [],
            "security_groups": [],
            "source_dest_check": true,
            "subnet_id": "subnet-03804c7d685ad0d68",
            "tags": {
              "Environment": "dev",
              "Name": "dev-WEB001",
              "sshUser": "ubuntu"
            },
            "tags_all": {
              "Environment": "dev",
              "Name": "dev-WEB001",
              "sshUser": "ubuntu"
            },
            "tenancy": "default",
            "timeouts": null,
            "user_data": null,
            "user_data_base64": null,
            "volume_tags": null,
            "vpc_security_group_ids": [
              "sg-0df349c87b5f0e844"
            ]
          },
          "sensitive_attributes": [],
          "private": "eyJlMmJmYjczMC1lY2FhLTExZTYtOGY4OC0zNDM2M2JjN2M0YzAiOnsiY3JlYXRlIjo2MDAwMDAwMDAwMDAsImRlbGV0ZSI6MTIwMDAwMDAwMDAwMCwidXBkYXRlIjo2MDAwMDAwMDAwMDB9LCJzY2hlbWFfdmVyc2lvbiI6IjEifQ==",
          "dependencies": [
            "aws_key_pair.keypair",
            "aws_security_group.SG-bastionhosts",
            "aws_security_group.SG-frontendservers",
            "aws_subnet.private-web",
            "aws_vpc.main",
            "tls_private_key.mykey"
          ]
        }
      ]
    },
    {
      "mode": "managed",
      "type": "aws_instance",
      "name": "WEB_B",
      "provider": "provider[\"registry.terraform.io/hashicorp/aws\"]",
      "instances": [
        {
          "schema_version": 1,
          "attributes": {
            "ami": "ami-0283a57753b18025b",
            "arn": "arn:aws:ec2:us-east-2:729855611727:instance/i-0d2e16bbca97eb40f",
            "associate_public_ip_address": false,
            "availability_zone": "us-east-2a",
            "capacity_reservation_specification": [
              {
                "capacity_reservation_preference": "open",
                "capacity_reservation_target": []
              }
            ],
            "cpu_core_count": 2,
            "cpu_threads_per_core": 1,
            "credit_specification": [
              {
                "cpu_credits": "standard"
              }
            ],
            "disable_api_termination": false,
            "ebs_block_device": [],
            "ebs_optimized": false,
            "enclave_options": [
              {
                "enabled": false
              }
            ],
            "ephemeral_block_device": [],
            "get_password_data": false,
            "hibernation": false,
            "host_id": null,
            "iam_instance_profile": "",
            "id": "i-0d2e16bbca97eb40f",
            "instance_initiated_shutdown_behavior": "stop",
            "instance_state": "running",
            "instance_type": "t2.medium",
            "ipv6_address_count": 0,
            "ipv6_addresses": [],
            "key_name": "anael_premier",
            "launch_template": [],
            "metadata_options": [
              {
                "http_endpoint": "enabled",
                "http_put_response_hop_limit": 1,
                "http_tokens": "optional",
                "instance_metadata_tags": "disabled"
              }
            ],
            "monitoring": false,
            "network_interface": [],
            "outpost_arn": "",
            "password_data": "",
            "placement_group": "",
            "placement_partition_number": null,
            "primary_network_interface_id": "eni-08f17d5586ebbbeeb",
            "private_dns": "ip-10-0-10-25.us-east-2.compute.internal",
            "private_ip": "10.0.10.25",
            "public_dns": "",
            "public_ip": "",
            "root_block_device": [
              {
                "delete_on_termination": true,
                "device_name": "/dev/sda1",
                "encrypted": false,
                "iops": 100,
                "kms_key_id": "",
                "tags": {},
                "throughput": 0,
                "volume_id": "vol-001db9ac78e7ed749",
                "volume_size": 8,
                "volume_type": "gp2"
              }
            ],
            "secondary_private_ips": [],
            "security_groups": [],
            "source_dest_check": true,
            "subnet_id": "subnet-03804c7d685ad0d68",
            "tags": {
              "Environment": "dev",
              "Name": "dev-WEB002",
              "sshUser": "ubuntu"
            },
            "tags_all": {
              "Environment": "dev",
              "Name": "dev-WEB002",
              "sshUser": "ubuntu"
            },
            "tenancy": "default",
            "timeouts": null,
            "user_data": null,
            "user_data_base64": null,
            "volume_tags": null,
            "vpc_security_group_ids": [
              "sg-0df349c87b5f0e844"
            ]
          },
          "sensitive_attributes": [],
          "private": "eyJlMmJmYjczMC1lY2FhLTExZTYtOGY4OC0zNDM2M2JjN2M0YzAiOnsiY3JlYXRlIjo2MDAwMDAwMDAwMDAsImRlbGV0ZSI6MTIwMDAwMDAwMDAwMCwidXBkYXRlIjo2MDAwMDAwMDAwMDB9LCJzY2hlbWFfdmVyc2lvbiI6IjEifQ==",
          "dependencies": [
            "aws_key_pair.keypair",
            "aws_security_group.SG-bastionhosts",
            "aws_security_group.SG-frontendservers",
            "aws_subnet.private-web",
            "aws_vpc.main",
            "tls_private_key.mykey"
          ]
        }
      ]
    },
    {
      "mode": "managed",
      "type": "aws_instance",
      "name": "WEB_C",
      "provider": "provider[\"registry.terraform.io/hashicorp/aws\"]",
      "instances": [
        {
          "schema_version": 1,
          "attributes": {
            "ami": "ami-05a36e1502605b4aa",
            "arn": "arn:aws:ec2:us-east-2:729855611727:instance/i-00bd089460ed31c8f",
            "associate_public_ip_address": false,
            "availability_zone": "us-east-2a",
            "capacity_reservation_specification": [
              {
                "capacity_reservation_preference": "open",
                "capacity_reservation_target": []
              }
            ],
            "cpu_core_count": 2,
            "cpu_threads_per_core": 1,
            "credit_specification": [
              {
                "cpu_credits": "standard"
              }
            ],
            "disable_api_termination": false,
            "ebs_block_device": [],
            "ebs_optimized": false,
            "enclave_options": [
              {
                "enabled": false
              }
            ],
            "ephemeral_block_device": [],
            "get_password_data": false,
            "hibernation": false,
            "host_id": null,
            "iam_instance_profile": "",
            "id": "i-00bd089460ed31c8f",
            "instance_initiated_shutdown_behavior": "stop",
            "instance_state": "running",
            "instance_type": "t2.medium",
            "ipv6_address_count": 0,
            "ipv6_addresses": [],
            "key_name": "anael_premier",
            "launch_template": [],
            "metadata_options": [
              {
                "http_endpoint": "enabled",
                "http_put_response_hop_limit": 1,
                "http_tokens": "optional",
                "instance_metadata_tags": "disabled"
              }
            ],
            "monitoring": false,
            "network_interface": [],
            "outpost_arn": "",
            "password_data": "",
            "placement_group": "",
            "placement_partition_number": null,
            "primary_network_interface_id": "eni-084a77a10f15b0bea",
            "private_dns": "ip-10-0-10-87.us-east-2.compute.internal",
            "private_ip": "10.0.10.87",
            "public_dns": "",
            "public_ip": "",
            "root_block_device": [
              {
                "delete_on_termination": true,
                "device_name": "/dev/sda1",
                "encrypted": false,
                "iops": 100,
                "kms_key_id": "",
                "tags": {},
                "throughput": 0,
                "volume_id": "vol-0cf9e7be3d5a26de3",
                "volume_size": 10,
                "volume_type": "gp2"
              }
            ],
            "secondary_private_ips": [],
            "security_groups": [],
            "source_dest_check": true,
            "subnet_id": "subnet-03804c7d685ad0d68",
            "tags": {
              "Environment": "dev",
              "Name": "dev-WEB003",
              "sshUser": "centos"
            },
            "tags_all": {
              "Environment": "dev",
              "Name": "dev-WEB003",
              "sshUser": "centos"
            },
            "tenancy": "default",
            "timeouts": null,
            "user_data": null,
            "user_data_base64": null,
            "volume_tags": null,
            "vpc_security_group_ids": [
              "sg-0df349c87b5f0e844"
            ]
          },
          "sensitive_attributes": [],
          "private": "eyJlMmJmYjczMC1lY2FhLTExZTYtOGY4OC0zNDM2M2JjN2M0YzAiOnsiY3JlYXRlIjo2MDAwMDAwMDAwMDAsImRlbGV0ZSI6MTIwMDAwMDAwMDAwMCwidXBkYXRlIjo2MDAwMDAwMDAwMDB9LCJzY2hlbWFfdmVyc2lvbiI6IjEifQ==",
          "dependencies": [
            "aws_key_pair.keypair",
            "aws_security_group.SG-bastionhosts",
            "aws_security_group.SG-frontendservers",
            "aws_subnet.private-web",
            "aws_vpc.main",
            "tls_private_key.mykey"
          ]
        }
      ]
    },
    {
      "mode": "managed",
      "type": "aws_internet_gateway",
      "name": "internet_gateway",
      "provider": "provider[\"registry.terraform.io/hashicorp/aws\"]",
      "instances": [
        {
          "schema_version": 0,
          "attributes": {
            "arn": "arn:aws:ec2:us-east-2:729855611727:internet-gateway/igw-09a893c3c4dc10a66",
            "id": "igw-09a893c3c4dc10a66",
            "owner_id": "729855611727",
            "tags": {
              "Name": "internet_gateway-VPC-dev-Default"
            },
            "tags_all": {
              "Name": "internet_gateway-VPC-dev-Default"
            },
            "vpc_id": "vpc-0d718ed5ba754504c"
          },
          "sensitive_attributes": [],
          "private": "bnVsbA==",
          "dependencies": [
            "aws_vpc.main"
          ]
        }
      ]
    },
    {
      "mode": "managed",
      "type": "aws_key_pair",
      "name": "keypair",
      "provider": "provider[\"registry.terraform.io/hashicorp/aws\"]",
      "instances": [
        {
          "schema_version": 1,
          "attributes": {
            "arn": "arn:aws:ec2:us-east-2:729855611727:key-pair/anael_premier",
            "fingerprint": "94:00:4d:51:34:69:f1:94:61:23:3d:8f:0f:70:9f:d0",
            "id": "anael_premier",
            "key_name": "anael_premier",
            "key_name_prefix": "",
            "key_pair_id": "key-0f26afc33e497146b",
            "public_key": "ssh-rsa AAAAB3NzaC1yc2EAAAADAQABAAACAQC/A/vicCzoXlQIliGCmmKrZ1AJb63bT2Q+hPRtdAkkOnHC841C4Nrsw/cwsWnnttiZ9jnD6ALHAWsNhCHUaOAv1HuuMoE/fiM3e6jpmJzRjETQbfxsBLzRl3D7n6R/IrSQc1b93r3q0ST+MaZjX+sGFXYhWbS779l8c3MRURLupXKdJ+hIkG8+TlKKqjKccBguhtn8st8ctxVMA6SvyV0B58n5io7i2WoEUruM2aUbeToO1kRgrtpDXETGEAEkIxDX5UkTG2/1KB3WTOpSAr9AwMd8mA3l04ZvdNznb6jcscrzV9pS32MjbV1f+v14jPwzv+BZBY4cye+Vn+hggLwDK9qpHK1O4gtEmg0wTDvROrMFvfS66uX8NG9nOxnEOCoIGWZV3lg9n5DheMYb6hwxCWM29MxTbdlL1tNBbI5AS3uCayI4cK+bMziuvbh4AoZLEn/Mgu9AxVn1UmZMWf2M8OUYLMyzPXsXfgWuLbhj/s/0qbymCKWI/hugdeFBR5WScBm8FDs8vxNFZeG62EX8ZwSF22xGMZdiVMoWGnn0Cx/bq3Ocenn98Z92Z+Rzo5N/PT8EEX15xZ5GwkkL9RMM9FFXyl9V6ccVXrPQRFudpZxYhd7gQ/m3sHwEQ+Yynl9i/uaf2vYU0CZ5hmPJ+O1zRG8X3YwFpvILpYe832GM2Q==",
            "tags": null,
            "tags_all": {}
          },
          "sensitive_attributes": [],
          "private": "eyJzY2hlbWFfdmVyc2lvbiI6IjEifQ==",
          "dependencies": [
            "tls_private_key.mykey"
          ]
        }
      ]
    },
    {
      "mode": "managed",
      "type": "aws_nat_gateway",
      "name": "nat",
      "provider": "provider[\"registry.terraform.io/hashicorp/aws\"]",
      "instances": [
        {
          "schema_version": 0,
          "attributes": {
            "allocation_id": "eipalloc-027deddf4a5ca7ac4",
            "connectivity_type": "public",
            "id": "nat-0e54ab037e0d79074",
            "network_interface_id": "eni-0147c963bd8fd8c16",
            "private_ip": "10.0.2.181",
            "public_ip": "18.189.209.24",
            "subnet_id": "subnet-02873d3bcf20f8c31",
            "tags": {
              "Name": "gw NAT"
            },
            "tags_all": {
              "Name": "gw NAT"
            }
          },
          "sensitive_attributes": [],
          "private": "bnVsbA==",
          "dependencies": [
            "aws_eip.example",
            "aws_internet_gateway.internet_gateway",
            "aws_subnet.public-nat",
            "aws_vpc.main"
          ]
        }
      ]
    },
    {
      "mode": "managed",
      "type": "aws_route_table",
      "name": "default",
      "provider": "provider[\"registry.terraform.io/hashicorp/aws\"]",
      "instances": [
        {
          "schema_version": 0,
          "attributes": {
            "arn": "arn:aws:ec2:us-east-2:729855611727:route-table/rtb-0cbb27932889af97a",
            "id": "rtb-0cbb27932889af97a",
            "owner_id": "729855611727",
            "propagating_vgws": [],
            "route": [
              {
                "carrier_gateway_id": "",
                "cidr_block": "0.0.0.0/0",
                "destination_prefix_list_id": "",
                "egress_only_gateway_id": "",
                "gateway_id": "igw-09a893c3c4dc10a66",
                "instance_id": "",
                "ipv6_cidr_block": "",
                "local_gateway_id": "",
                "nat_gateway_id": "",
                "network_interface_id": "",
                "transit_gateway_id": "",
                "vpc_endpoint_id": "",
                "vpc_peering_connection_id": ""
              }
            ],
            "tags": {
              "Name": "Default route table to internet"
            },
            "tags_all": {
              "Name": "Default route table to internet"
            },
            "timeouts": null,
            "vpc_id": "vpc-0d718ed5ba754504c"
          },
          "sensitive_attributes": [],
          "private": "eyJlMmJmYjczMC1lY2FhLTExZTYtOGY4OC0zNDM2M2JjN2M0YzAiOnsiY3JlYXRlIjozMDAwMDAwMDAwMDAsImRlbGV0ZSI6MzAwMDAwMDAwMDAwLCJ1cGRhdGUiOjEyMDAwMDAwMDAwMH19",
          "dependencies": [
            "aws_internet_gateway.internet_gateway",
            "aws_vpc.main"
          ]
        }
      ]
    },
    {
      "mode": "managed",
      "type": "aws_route_table",
      "name": "nat",
      "provider": "provider[\"registry.terraform.io/hashicorp/aws\"]",
      "instances": [
        {
          "schema_version": 0,
          "attributes": {
            "arn": "arn:aws:ec2:us-east-2:729855611727:route-table/rtb-0fbc243ebe1001ce1",
            "id": "rtb-0fbc243ebe1001ce1",
            "owner_id": "729855611727",
            "propagating_vgws": [],
            "route": [
              {
                "carrier_gateway_id": "",
                "cidr_block": "0.0.0.0/0",
                "destination_prefix_list_id": "",
                "egress_only_gateway_id": "",
                "gateway_id": "",
                "instance_id": "",
                "ipv6_cidr_block": "",
                "local_gateway_id": "",
                "nat_gateway_id": "nat-0e54ab037e0d79074",
                "network_interface_id": "",
                "transit_gateway_id": "",
                "vpc_endpoint_id": "",
                "vpc_peering_connection_id": ""
              }
            ],
            "tags": {
              "Name": "Default route table to NAT"
            },
            "tags_all": {
              "Name": "Default route table to NAT"
            },
            "timeouts": null,
            "vpc_id": "vpc-0d718ed5ba754504c"
          },
          "sensitive_attributes": [],
          "private": "eyJlMmJmYjczMC1lY2FhLTExZTYtOGY4OC0zNDM2M2JjN2M0YzAiOnsiY3JlYXRlIjozMDAwMDAwMDAwMDAsImRlbGV0ZSI6MzAwMDAwMDAwMDAwLCJ1cGRhdGUiOjEyMDAwMDAwMDAwMH19",
          "dependencies": [
            "aws_eip.example",
            "aws_internet_gateway.internet_gateway",
            "aws_nat_gateway.nat",
            "aws_subnet.public-nat",
            "aws_vpc.main"
          ]
        }
      ]
    },
    {
      "mode": "managed",
      "type": "aws_route_table_association",
      "name": "nat-db",
      "provider": "provider[\"registry.terraform.io/hashicorp/aws\"]",
      "instances": [
        {
          "schema_version": 0,
          "attributes": {
            "gateway_id": "",
            "id": "rtbassoc-0989800c42bac37b3",
            "route_table_id": "rtb-0fbc243ebe1001ce1",
            "subnet_id": "subnet-01e6d87da8d5a75f5"
          },
          "sensitive_attributes": [],
          "private": "bnVsbA==",
          "dependencies": [
            "aws_eip.example",
            "aws_internet_gateway.internet_gateway",
            "aws_nat_gateway.nat",
            "aws_route_table.nat",
            "aws_subnet.private-db",
            "aws_subnet.public-nat",
            "aws_vpc.main"
          ]
        }
      ]
    },
    {
      "mode": "managed",
      "type": "aws_route_table_association",
      "name": "nat-web",
      "provider": "provider[\"registry.terraform.io/hashicorp/aws\"]",
      "instances": [
        {
          "schema_version": 0,
          "attributes": {
            "gateway_id": "",
            "id": "rtbassoc-04e2610628cd9356a",
            "route_table_id": "rtb-0fbc243ebe1001ce1",
            "subnet_id": "subnet-03804c7d685ad0d68"
          },
          "sensitive_attributes": [],
          "private": "bnVsbA==",
          "dependencies": [
            "aws_eip.example",
            "aws_internet_gateway.internet_gateway",
            "aws_nat_gateway.nat",
            "aws_route_table.nat",
            "aws_subnet.private-web",
            "aws_subnet.public-nat",
            "aws_vpc.main"
          ]
        }
      ]
    },
    {
      "mode": "managed",
      "type": "aws_route_table_association",
      "name": "public-bastion",
      "provider": "provider[\"registry.terraform.io/hashicorp/aws\"]",
      "instances": [
        {
          "schema_version": 0,
          "attributes": {
            "gateway_id": "",
            "id": "rtbassoc-01d4b19fe382c722a",
            "route_table_id": "rtb-0cbb27932889af97a",
            "subnet_id": "subnet-0ed9669361f8b9fd2"
          },
          "sensitive_attributes": [],
          "private": "bnVsbA==",
          "dependencies": [
            "aws_internet_gateway.internet_gateway",
            "aws_route_table.default",
            "aws_subnet.public-bastion",
            "aws_vpc.main"
          ]
        }
      ]
    },
    {
      "mode": "managed",
      "type": "aws_route_table_association",
      "name": "public-nat",
      "provider": "provider[\"registry.terraform.io/hashicorp/aws\"]",
      "instances": [
        {
          "schema_version": 0,
          "attributes": {
            "gateway_id": "",
            "id": "rtbassoc-00f02b0828c8b95bc",
            "route_table_id": "rtb-0cbb27932889af97a",
            "subnet_id": "subnet-02873d3bcf20f8c31"
          },
          "sensitive_attributes": [],
          "private": "bnVsbA==",
          "dependencies": [
            "aws_internet_gateway.internet_gateway",
            "aws_route_table.default",
            "aws_subnet.public-nat",
            "aws_vpc.main"
          ]
        }
      ]
    },
    {
      "mode": "managed",
      "type": "aws_security_group",
      "name": "SG-backendservers",
      "provider": "provider[\"registry.terraform.io/hashicorp/aws\"]",
      "instances": [
        {
          "schema_version": 1,
          "attributes": {
            "arn": "arn:aws:ec2:us-east-2:729855611727:security-group/sg-06f116cfa31fa4e27",
            "description": "Security group for backend servers",
            "egress": [
              {
                "cidr_blocks": [
                  "0.0.0.0/0"
                ],
                "description": "Allow all outgoing traffic",
                "from_port": 0,
                "ipv6_cidr_blocks": [],
                "prefix_list_ids": [],
                "protocol": "-1",
                "security_groups": [],
                "self": false,
                "to_port": 0
              }
            ],
            "id": "sg-06f116cfa31fa4e27",
            "ingress": [
              {
                "cidr_blocks": [],
                "description": "Allow incoming PostgreSQL traffic from web servers",
                "from_port": 6432,
                "ipv6_cidr_blocks": [],
                "prefix_list_ids": [],
                "protocol": "tcp",
                "security_groups": [
                  "sg-0df349c87b5f0e844"
                ],
                "self": false,
                "to_port": 6432
              },
              {
                "cidr_blocks": [],
                "description": "Allow incoming SSH traffic from bastion hosts",
                "from_port": 22,
                "ipv6_cidr_blocks": [],
                "prefix_list_ids": [],
                "protocol": "tcp",
                "security_groups": [
                  "sg-01988f7bb03a07627"
                ],
                "self": false,
                "to_port": 22
              }
            ],
            "name": "SG-backendservers",
            "name_prefix": "",
            "owner_id": "729855611727",
            "revoke_rules_on_delete": false,
            "tags": {
              "Name": "SG-db"
            },
            "tags_all": {
              "Name": "SG-db"
            },
            "timeouts": null,
            "vpc_id": "vpc-0d718ed5ba754504c"
          },
          "sensitive_attributes": [],
          "private": "eyJlMmJmYjczMC1lY2FhLTExZTYtOGY4OC0zNDM2M2JjN2M0YzAiOnsiY3JlYXRlIjo2MDAwMDAwMDAwMDAsImRlbGV0ZSI6OTAwMDAwMDAwMDAwfSwic2NoZW1hX3ZlcnNpb24iOiIxIn0=",
          "dependencies": [
            "aws_security_group.SG-bastionhosts",
            "aws_security_group.SG-frontendservers",
            "aws_vpc.main"
          ]
        }
      ]
    },
    {
      "mode": "managed",
      "type": "aws_security_group",
      "name": "SG-bastionhosts",
      "provider": "provider[\"registry.terraform.io/hashicorp/aws\"]",
      "instances": [
        {
          "schema_version": 1,
          "attributes": {
            "arn": "arn:aws:ec2:us-east-2:729855611727:security-group/sg-01988f7bb03a07627",
            "description": "Security group for bastion hosts",
            "egress": [
              {
                "cidr_blocks": [
                  "0.0.0.0/0"
                ],
                "description": "Allow all outgoing traffic",
                "from_port": 0,
                "ipv6_cidr_blocks": [],
                "prefix_list_ids": [],
                "protocol": "-1",
                "security_groups": [],
                "self": false,
                "to_port": 0
              }
            ],
            "id": "sg-01988f7bb03a07627",
            "ingress": [
              {
                "cidr_blocks": [
                  "0.0.0.0/0"
                ],
                "description": "Allow incoming ICMP from management IPs",
                "from_port": -1,
                "ipv6_cidr_blocks": [],
                "prefix_list_ids": [],
                "protocol": "icmp",
                "security_groups": [],
                "self": false,
                "to_port": -1
              },
              {
                "cidr_blocks": [
                  "0.0.0.0/0"
                ],
                "description": "Allow incoming SSH from management IPs",
                "from_port": 22,
                "ipv6_cidr_blocks": [],
                "prefix_list_ids": [],
                "protocol": "tcp",
                "security_groups": [],
                "self": false,
                "to_port": 22
              }
            ],
            "name": "SG-bastionhosts",
            "name_prefix": "",
            "owner_id": "729855611727",
            "revoke_rules_on_delete": false,
            "tags": {
              "Name": "SG-bastionhosts"
            },
            "tags_all": {
              "Name": "SG-bastionhosts"
            },
            "timeouts": null,
            "vpc_id": "vpc-0d718ed5ba754504c"
          },
          "sensitive_attributes": [],
          "private": "eyJlMmJmYjczMC1lY2FhLTExZTYtOGY4OC0zNDM2M2JjN2M0YzAiOnsiY3JlYXRlIjo2MDAwMDAwMDAwMDAsImRlbGV0ZSI6OTAwMDAwMDAwMDAwfSwic2NoZW1hX3ZlcnNpb24iOiIxIn0=",
          "dependencies": [
            "aws_vpc.main"
          ]
        }
      ]
    },
    {
      "mode": "managed",
      "type": "aws_security_group",
      "name": "SG-frontendservers",
      "provider": "provider[\"registry.terraform.io/hashicorp/aws\"]",
      "instances": [
        {
          "schema_version": 1,
          "attributes": {
            "arn": "arn:aws:ec2:us-east-2:729855611727:security-group/sg-0df349c87b5f0e844",
            "description": "Security group for web",
            "egress": [
              {
                "cidr_blocks": [
                  "0.0.0.0/0"
                ],
                "description": "Allow all outgoing traffic",
                "from_port": 0,
                "ipv6_cidr_blocks": [],
                "prefix_list_ids": [],
                "protocol": "-1",
                "security_groups": [],
                "self": false,
                "to_port": 0
              }
            ],
            "id": "sg-0df349c87b5f0e844",
            "ingress": [
              {
                "cidr_blocks": [],
                "description": "Allow incoming SSH traffic from bastion hosts",
                "from_port": 22,
                "ipv6_cidr_blocks": [],
                "prefix_list_ids": [],
                "protocol": "tcp",
                "security_groups": [
                  "sg-01988f7bb03a07627"
                ],
                "self": false,
                "to_port": 22
              },
              {
                "cidr_blocks": [],
                "description": "Allow incoming SSH traffic from bastion hosts",
                "from_port": 80,
                "ipv6_cidr_blocks": [],
                "prefix_list_ids": [],
                "protocol": "tcp",
                "security_groups": [
                  "sg-01988f7bb03a07627"
                ],
                "self": false,
                "to_port": 80
              }
            ],
            "name": "SG-web",
            "name_prefix": "",
            "owner_id": "729855611727",
            "revoke_rules_on_delete": false,
            "tags": {
              "Name": "SG-web"
            },
            "tags_all": {
              "Name": "SG-web"
            },
            "timeouts": null,
            "vpc_id": "vpc-0d718ed5ba754504c"
          },
          "sensitive_attributes": [],
          "private": "eyJlMmJmYjczMC1lY2FhLTExZTYtOGY4OC0zNDM2M2JjN2M0YzAiOnsiY3JlYXRlIjo2MDAwMDAwMDAwMDAsImRlbGV0ZSI6OTAwMDAwMDAwMDAwfSwic2NoZW1hX3ZlcnNpb24iOiIxIn0=",
          "dependencies": [
            "aws_security_group.SG-bastionhosts",
            "aws_vpc.main"
          ]
        }
      ]
    },
    {
      "mode": "managed",
      "type": "aws_subnet",
      "name": "private-db",
      "provider": "provider[\"registry.terraform.io/hashicorp/aws\"]",
      "instances": [
        {
          "schema_version": 1,
          "attributes": {
            "arn": "arn:aws:ec2:us-east-2:729855611727:subnet/subnet-01e6d87da8d5a75f5",
            "assign_ipv6_address_on_creation": false,
            "availability_zone": "us-east-2a",
            "availability_zone_id": "use2-az1",
            "cidr_block": "10.0.11.0/24",
            "customer_owned_ipv4_pool": "",
            "enable_dns64": false,
            "enable_resource_name_dns_a_record_on_launch": false,
            "enable_resource_name_dns_aaaa_record_on_launch": false,
            "id": "subnet-01e6d87da8d5a75f5",
            "ipv6_cidr_block": "",
            "ipv6_cidr_block_association_id": "",
            "ipv6_native": false,
            "map_customer_owned_ip_on_launch": false,
            "map_public_ip_on_launch": false,
            "outpost_arn": "",
            "owner_id": "729855611727",
            "private_dns_hostname_type_on_launch": "ip-name",
            "tags": {
              "Name": "Subnet-db"
            },
            "tags_all": {
              "Name": "Subnet-db"
            },
            "timeouts": null,
            "vpc_id": "vpc-0d718ed5ba754504c"
          },
          "sensitive_attributes": [],
          "private": "eyJlMmJmYjczMC1lY2FhLTExZTYtOGY4OC0zNDM2M2JjN2M0YzAiOnsiY3JlYXRlIjo2MDAwMDAwMDAwMDAsImRlbGV0ZSI6MTIwMDAwMDAwMDAwMH0sInNjaGVtYV92ZXJzaW9uIjoiMSJ9",
          "dependencies": [
            "aws_vpc.main"
          ]
        }
      ]
    },
    {
      "mode": "managed",
      "type": "aws_subnet",
      "name": "private-web",
      "provider": "provider[\"registry.terraform.io/hashicorp/aws\"]",
      "instances": [
        {
          "schema_version": 1,
          "attributes": {
            "arn": "arn:aws:ec2:us-east-2:729855611727:subnet/subnet-03804c7d685ad0d68",
            "assign_ipv6_address_on_creation": false,
            "availability_zone": "us-east-2a",
            "availability_zone_id": "use2-az1",
            "cidr_block": "10.0.10.0/24",
            "customer_owned_ipv4_pool": "",
            "enable_dns64": false,
            "enable_resource_name_dns_a_record_on_launch": false,
            "enable_resource_name_dns_aaaa_record_on_launch": false,
            "id": "subnet-03804c7d685ad0d68",
            "ipv6_cidr_block": "",
            "ipv6_cidr_block_association_id": "",
            "ipv6_native": false,
            "map_customer_owned_ip_on_launch": false,
            "map_public_ip_on_launch": false,
            "outpost_arn": "",
            "owner_id": "729855611727",
            "private_dns_hostname_type_on_launch": "ip-name",
            "tags": {
              "Name": "Subnet-web"
            },
            "tags_all": {
              "Name": "Subnet-web"
            },
            "timeouts": null,
            "vpc_id": "vpc-0d718ed5ba754504c"
          },
          "sensitive_attributes": [],
          "private": "eyJlMmJmYjczMC1lY2FhLTExZTYtOGY4OC0zNDM2M2JjN2M0YzAiOnsiY3JlYXRlIjo2MDAwMDAwMDAwMDAsImRlbGV0ZSI6MTIwMDAwMDAwMDAwMH0sInNjaGVtYV92ZXJzaW9uIjoiMSJ9",
          "dependencies": [
            "aws_vpc.main"
          ]
        }
      ]
    },
    {
      "mode": "managed",
      "type": "aws_subnet",
      "name": "public-bastion",
      "provider": "provider[\"registry.terraform.io/hashicorp/aws\"]",
      "instances": [
        {
          "schema_version": 1,
          "attributes": {
            "arn": "arn:aws:ec2:us-east-2:729855611727:subnet/subnet-0ed9669361f8b9fd2",
            "assign_ipv6_address_on_creation": false,
            "availability_zone": "us-east-2a",
            "availability_zone_id": "use2-az1",
            "cidr_block": "10.0.1.0/24",
            "customer_owned_ipv4_pool": "",
            "enable_dns64": false,
            "enable_resource_name_dns_a_record_on_launch": false,
            "enable_resource_name_dns_aaaa_record_on_launch": false,
            "id": "subnet-0ed9669361f8b9fd2",
            "ipv6_cidr_block": "",
            "ipv6_cidr_block_association_id": "",
            "ipv6_native": false,
            "map_customer_owned_ip_on_launch": false,
            "map_public_ip_on_launch": true,
            "outpost_arn": "",
            "owner_id": "729855611727",
            "private_dns_hostname_type_on_launch": "ip-name",
            "tags": {
              "Name": "Subnet-bastion1"
            },
            "tags_all": {
              "Name": "Subnet-bastion1"
            },
            "timeouts": null,
            "vpc_id": "vpc-0d718ed5ba754504c"
          },
          "sensitive_attributes": [],
          "private": "eyJlMmJmYjczMC1lY2FhLTExZTYtOGY4OC0zNDM2M2JjN2M0YzAiOnsiY3JlYXRlIjo2MDAwMDAwMDAwMDAsImRlbGV0ZSI6MTIwMDAwMDAwMDAwMH0sInNjaGVtYV92ZXJzaW9uIjoiMSJ9",
          "dependencies": [
            "aws_vpc.main"
          ]
        }
      ]
    },
    {
      "mode": "managed",
      "type": "aws_subnet",
      "name": "public-nat",
      "provider": "provider[\"registry.terraform.io/hashicorp/aws\"]",
      "instances": [
        {
          "schema_version": 1,
          "attributes": {
            "arn": "arn:aws:ec2:us-east-2:729855611727:subnet/subnet-02873d3bcf20f8c31",
            "assign_ipv6_address_on_creation": false,
            "availability_zone": "us-east-2a",
            "availability_zone_id": "use2-az1",
            "cidr_block": "10.0.2.0/24",
            "customer_owned_ipv4_pool": "",
            "enable_dns64": false,
            "enable_resource_name_dns_a_record_on_launch": false,
            "enable_resource_name_dns_aaaa_record_on_launch": false,
            "id": "subnet-02873d3bcf20f8c31",
            "ipv6_cidr_block": "",
            "ipv6_cidr_block_association_id": "",
            "ipv6_native": false,
            "map_customer_owned_ip_on_launch": false,
            "map_public_ip_on_launch": true,
            "outpost_arn": "",
            "owner_id": "729855611727",
            "private_dns_hostname_type_on_launch": "ip-name",
            "tags": {
              "Name": "Subnet-nat"
            },
            "tags_all": {
              "Name": "Subnet-nat"
            },
            "timeouts": null,
            "vpc_id": "vpc-0d718ed5ba754504c"
          },
          "sensitive_attributes": [],
          "private": "eyJlMmJmYjczMC1lY2FhLTExZTYtOGY4OC0zNDM2M2JjN2M0YzAiOnsiY3JlYXRlIjo2MDAwMDAwMDAwMDAsImRlbGV0ZSI6MTIwMDAwMDAwMDAwMH0sInNjaGVtYV92ZXJzaW9uIjoiMSJ9",
          "dependencies": [
            "aws_vpc.main"
          ]
        }
      ]
    },
    {
      "mode": "managed",
      "type": "aws_vpc",
      "name": "main",
      "provider": "provider[\"registry.terraform.io/hashicorp/aws\"]",
      "instances": [
        {
          "schema_version": 1,
          "attributes": {
            "arn": "arn:aws:ec2:us-east-2:729855611727:vpc/vpc-0d718ed5ba754504c",
            "assign_generated_ipv6_cidr_block": false,
            "cidr_block": "10.0.0.0/16",
            "default_network_acl_id": "acl-0b7ad5d281dbffcc6",
            "default_route_table_id": "rtb-060a3a7a9e5673c1f",
            "default_security_group_id": "sg-0b0a24b8b7a14902f",
            "dhcp_options_id": "dopt-0b1f95f4d053dd89a",
            "enable_classiclink": false,
            "enable_classiclink_dns_support": false,
            "enable_dns_hostnames": true,
            "enable_dns_support": true,
            "id": "vpc-0d718ed5ba754504c",
            "instance_tenancy": "default",
            "ipv4_ipam_pool_id": null,
            "ipv4_netmask_length": null,
            "ipv6_association_id": "",
            "ipv6_cidr_block": "",
            "ipv6_cidr_block_network_border_group": "",
            "ipv6_ipam_pool_id": "",
            "ipv6_netmask_length": 0,
            "main_route_table_id": "rtb-060a3a7a9e5673c1f",
            "owner_id": "729855611727",
            "tags": {
              "Name": "VPC-dev"
            },
            "tags_all": {
              "Name": "VPC-dev"
            }
          },
          "sensitive_attributes": [],
          "private": "eyJzY2hlbWFfdmVyc2lvbiI6IjEifQ=="
        }
      ]
    },
    {
      "mode": "managed",
      "type": "local_file",
      "name": "ssh_key",
      "provider": "provider[\"registry.terraform.io/hashicorp/local\"]",
      "instances": [
        {
          "schema_version": 0,
          "attributes": {
            "content": "-----BEGIN RSA PRIVATE KEY-----\nMIIJKAIBAAKCAgEAvwP74nAs6F5UCJYhgppiq2dQCW+t209kPoT0bXQJJDpxwvON\nQuDa7MP3MLFp57bYmfY5w+gCxwFrDYQh1GjgL9R7rjKBP34jN3uo6Zic0YxE0G38\nbAS80Zdw+5+kfyK0kHNW/d696tEk/jGmY1/rBhV2IVm0u+/ZfHNzEVES7qVynSfo\nSJBvPk5SiqoynHAYLobZ/LLfHLcVTAOkr8ldAefJ+YqO4tlqBFK7jNmlG3k6DtZE\nYK7aQ1xExhABJCMQ1+VJExtv9Sgd1kzqUgK/QMDHfJgN5dOGb3Tc52+o3LHK81fa\nUt9jI21dX/r9eIz8M7/gWQWOHMnvlZ/oYIC8AyvaqRytTuILRJoNMEw70TqzBb30\nuurl/DRvZzsZxDgqCBlmVd5YPZ+Q4XjGG+ocMQljNvTMU23ZS9bTQWyOQEt7gmsi\nOHCvmzM4rr24eAKGSxJ/zILvQMVZ9VJmTFn9jPDlGCzMsz17F34Fri24Y/7P9Km8\npgiliP4boHXhQUeVknAZvBQ7PL8TRWXhuthF/GcEhdtsRjGXYlTKFhp59Asf26tz\nnHp5/fGfdmfkc6OTfz0/BBF9ecWeRsJJC/UTDPRRV8pfVenHFV6z0ERbnaWcWIXe\n4EP5t7B8BEPmMp5fYv7mn9r2FNAmeYZjyfjtc0RvF92MBabyC6WHvN9hjNkCAwEA\nAQKCAgAb9QFQywpHmEbEWvTcoKwAWkakmuvfRWdunxcHTgxoeQVdezgZqb9hF+19\n+vl9KI3bOuaJfdOqPNLmT4iEBjWJypevj0TLfjK5VCgMyIFrShRoTTC8vpTEOF4Y\n9eyljvbOjZMV5Rv22lWHvsyTjt5fLZT0nKSPPTOfu2YECtGyjBSSW9zrgfhGLkB2\neyKdMurXJHWTPrrZARLk5UOdVuN9++bb1yPCn/+cUl+Q5en8c2nD8ihf3jej1EVc\nl8sS9u7oKm7flQx13UFAtFE3X5+OYqjP25FtKeBrP7d1SCp24q7JnvodVwSzkrYv\n7hRbKIdhK5wya1W5cPTX+WeReEYMD8px0hK+GtTLH0PoERGbHOkWCgmQ6RVLqrEI\nr9Y/0+NC/qqW+gmdlcAqxkwZ3kqsS1dTurQSPXihwQ0Ty/e1nZSW9oaHWKQcerIw\nEhfGI6XAF1tEDSLbEzCDvce4Bz/6Oulq7LYyYtBBtK9XXQ2Kwa5k2eF6UbNpJDXj\nkeiZhiErc5xZomSLbKcN0QW9sLjJZMgEonNPIThfiFdziXVY34Pb7U0ngQMUK3ZD\nAdygrLjDDSd2fO8G9A96icJdvMd+VaJP6kPEjLvkJGQND6A9GwJtLIw50qp4DKOg\nISrc9V5tKOEW5ZK069KVy7u2Es5F5JpdDqmtktkMcsoZlaKngQKCAQEA8a7h/eFB\nZxiQ31tuVYYHWsaDBBtkXeomkZ9nIjXaY8nbkKnA59uppa6TWRcPECt8QcCM+piJ\nhJWr88kWO+R6OpvGjwOwsRSewcqG6QBb+kt20AfZsQ/O9LRRf4qL56QbGuqGp1oh\nsyLLTF4P8XYbX7G5CdGyptDncFZzGOpV7iVScX1IZSkzxHQUp8+oYzzxFJu00DkT\nsr1P18Eb+TQf1I8bihZGcinEC9xeC4ud9+hHmGJ2Xvhr875t/9FzLGM4Swq86CpJ\npGrdZLqQfK6SAsRaux6barDL5U/Wd4u6hZyGXfLEs05YPR/wbZRLygALp8Gd2X3c\nWcnbFNB8GEqZNQKCAQEAylS6nbbpCNsOk6XRoXl3f7tTB5PeRe6u/aSRQvr7R82F\nhFE/pfoh+l77UoeL06CSB84+vZIHXHvMdz9qyd7lT5Zg0iazU7CgqkKGhAQdAiXO\nJSC+tlvqgEVf+PwM6UZnFUtVXGxmmQG0eBXlN6TuU7fJY4nnjd/fDh3KTKBbDLdO\nmWl/CJSMeFBWvtRm1cvsbXzZTgfP8ilDylpvUsimLa9nff/nROGz2fQ+XMilmDNx\nj6glYvJEnByFdQuS1BOrvmVqggdjXsGc9bLAbdwa7BcvkUd3DbGuwNNxx8ovfyf/\nqcDVNlg+bayaplQJAVVdtrgbndEykzm3ZugHxvn9lQKCAQEArV4qNxhy9iWlJtRL\nnYX7mJ52NWgA422oJSYXsW64LoUKwAdFngzw8Sz9/haQc6T+CZy6hLkPTNCg/Mvu\n6x/GnmxITybyhNSp3ZIOnO3pDO89V5WKD32rk9YV8EvOeGg8GV7LIRmCuyHme+2t\nuiRjFo5CkkyevxN0Mh2RivnuklqrfUXFvOuFexNaDdbkj+uTdJkNZ6DKBJnQwJCC\nJI3Dl5LgynmYJyTWwTtfKyEIPGGfmixnhVDm/35HIg95cwnpw8r8H/7VvN/72NoL\n86S2kM2R2FDoY+xXFzPiQPc24cmaiaIwf/9fRNm4eqK6izjlI328YdvrSW2HfrLf\nkf1RUQKCAQBSSc90IVX5kg4FoqT1hU9Clc8Y/9ygmIh3BB1IHodgFog83kaCnI6B\nI2wXjqUhtuZtYkZGF0QDKx5nSVWHMK4WhlRuY+r/GJDfbhsDSiD6JKIIm5600AE5\nlf2IaApgPY/jKzZWVogLppPdWxpUXTHIvrCbWRThsLEpLph+PaGKNGs1HaDavn+6\n1wHQrtX8EengRayjfa3nET1O6STpiE19ux7eMdu/OgRJmnpahghDNHj1Mi+yZFHf\nJAJrLf/TXQS2dMyygYq6mQfbLY3xoFkat/tSnLwgx6kJJ3XZCbPzhTMHuTN93LnX\nJSHoj7jx3+QzUgF5WAG3uvuKUMgI9tdZAoIBACrfokzTjfqEpc7tbu4shA+/UPkg\nlSz+HYp+1OEhEDjp3tkAxpsh2tvsLCfFn+34+2QfFm/LuSREUsBme/zH+lq49t70\nZQe3u+FcwY7dlNlie3J6OFSOq2Ui2ub8kWvrl3zAMQPzu2U27guCAd1eXLQ20DH+\ncAybneNAYIhIV5R7LwyhF5R0Dc9jv1oa+F1sfjkCxhrY8LkH4z2KO1pHoCHizRg6\nqgzJD8XwdGR+W+gup0feRZfdrzkQDs4eVgSO2MVoJsR+z+gC537SeBAeC/rsLPJI\nZfpfBqzPUGQ7giO4Ig9kML6Jl16GybLl4s31LcDh0Ho3WfHKfiiqMHLVu1Y=\n-----END RSA PRIVATE KEY-----\n",
            "content_base64": null,
            "directory_permission": "0777",
            "file_permission": "0777",
            "filename": "anael_premier.pem",
            "id": "bb295b2d1e19b137f4f63448ba6df1f72e205047",
            "sensitive_content": null,
            "source": null
          },
          "sensitive_attributes": [
            [
              {
                "type": "get_attr",
                "value": "content"
              }
            ]
          ],
          "private": "bnVsbA==",
          "dependencies": [
            "aws_key_pair.keypair",
            "tls_private_key.mykey"
          ]
        }
      ]
    },
    {
      "mode": "managed",
      "type": "tls_private_key",
      "name": "mykey",
      "provider": "provider[\"registry.terraform.io/hashicorp/tls\"]",
      "instances": [
        {
          "schema_version": 1,
          "attributes": {
            "algorithm": "RSA",
            "ecdsa_curve": "P224",
            "id": "d70f90cc53ecfe5b123ed0b681352f71b975736e",
            "private_key_openssh": "-----BEGIN OPENSSH PRIVATE KEY-----\nb3BlbnNzaC1rZXktdjEAAAAABG5vbmUAAAAEbm9uZQAAAAAAAAABAAACFwAAAAdz\nc2gtcnNhAAAAAwEAAQAAAgEAvwP74nAs6F5UCJYhgppiq2dQCW+t209kPoT0bXQJ\nJDpxwvONQuDa7MP3MLFp57bYmfY5w+gCxwFrDYQh1GjgL9R7rjKBP34jN3uo6Zic\n0YxE0G38bAS80Zdw+5+kfyK0kHNW/d696tEk/jGmY1/rBhV2IVm0u+/ZfHNzEVES\n7qVynSfoSJBvPk5SiqoynHAYLobZ/LLfHLcVTAOkr8ldAefJ+YqO4tlqBFK7jNml\nG3k6DtZEYK7aQ1xExhABJCMQ1+VJExtv9Sgd1kzqUgK/QMDHfJgN5dOGb3Tc52+o\n3LHK81faUt9jI21dX/r9eIz8M7/gWQWOHMnvlZ/oYIC8AyvaqRytTuILRJoNMEw7\n0TqzBb30uurl/DRvZzsZxDgqCBlmVd5YPZ+Q4XjGG+ocMQljNvTMU23ZS9bTQWyO\nQEt7gmsiOHCvmzM4rr24eAKGSxJ/zILvQMVZ9VJmTFn9jPDlGCzMsz17F34Fri24\nY/7P9Km8pgiliP4boHXhQUeVknAZvBQ7PL8TRWXhuthF/GcEhdtsRjGXYlTKFhp5\n9Asf26tznHp5/fGfdmfkc6OTfz0/BBF9ecWeRsJJC/UTDPRRV8pfVenHFV6z0ERb\nnaWcWIXe4EP5t7B8BEPmMp5fYv7mn9r2FNAmeYZjyfjtc0RvF92MBabyC6WHvN9h\njNkAAAc4uz1zqrs9c6oAAAAHc3NoLXJzYQAAAgEAvwP74nAs6F5UCJYhgppiq2dQ\nCW+t209kPoT0bXQJJDpxwvONQuDa7MP3MLFp57bYmfY5w+gCxwFrDYQh1GjgL9R7\nrjKBP34jN3uo6Zic0YxE0G38bAS80Zdw+5+kfyK0kHNW/d696tEk/jGmY1/rBhV2\nIVm0u+/ZfHNzEVES7qVynSfoSJBvPk5SiqoynHAYLobZ/LLfHLcVTAOkr8ldAefJ\n+YqO4tlqBFK7jNmlG3k6DtZEYK7aQ1xExhABJCMQ1+VJExtv9Sgd1kzqUgK/QMDH\nfJgN5dOGb3Tc52+o3LHK81faUt9jI21dX/r9eIz8M7/gWQWOHMnvlZ/oYIC8Ayva\nqRytTuILRJoNMEw70TqzBb30uurl/DRvZzsZxDgqCBlmVd5YPZ+Q4XjGG+ocMQlj\nNvTMU23ZS9bTQWyOQEt7gmsiOHCvmzM4rr24eAKGSxJ/zILvQMVZ9VJmTFn9jPDl\nGCzMsz17F34Fri24Y/7P9Km8pgiliP4boHXhQUeVknAZvBQ7PL8TRWXhuthF/GcE\nhdtsRjGXYlTKFhp59Asf26tznHp5/fGfdmfkc6OTfz0/BBF9ecWeRsJJC/UTDPRR\nV8pfVenHFV6z0ERbnaWcWIXe4EP5t7B8BEPmMp5fYv7mn9r2FNAmeYZjyfjtc0Rv\nF92MBabyC6WHvN9hjNkAAAADAQABAAACABv1AVDLCkeYRsRa9NygrABaRqSa699F\nZ26fFwdODGh5BV17OBmpv2EX7X36+X0ojds65ol906o80uZPiIQGNYnKl6+PRMt+\nMrlUKAzIgWtKFGhNMLy+lMQ4Xhj17KWO9s6NkxXlG/baVYe+zJOO3l8tlPScpI89\nM5+7ZgQK0bKMFJJb3OuB+EYuQHZ7Ip0y6tckdZM+utkBEuTlQ51W43375tvXI8Kf\n/5xSX5Dl6fxzacPyKF/eN6PURVyXyxL27ugqbt+VDHXdQUC0UTdfn45iqM/bkW0p\n4Gs/t3VIKnbirsme+h1XBLOSti/uFFsoh2ErnDJrVblw9Nf5Z5F4RgwPynHSEr4a\n1MsfQ+gREZsc6RYKCZDpFUuqsQiv1j/T40L+qpb6CZ2VwCrGTBneSqxLV1O6tBI9\neKHBDRPL97WdlJb2hodYpBx6sjASF8YjpcAXW0QNItsTMIO9x7gHP/o66WrstjJi\n0EG0r1ddDYrBrmTZ4XpRs2kkNeOR6JmGIStznFmiZItspw3RBb2wuMlkyASic08h\nOF+IV3OJdVjfg9vtTSeBAxQrdkMB3KCsuMMNJ3Z87wb0D3qJwl28x35Vok/qQ8SM\nu+QkZA0PoD0bAm0sjDnSqngMo6AhKtz1Xm0o4RblkrTr0pXLu7YSzkXkml0Oqa2S\n2QxyyhmVoqeBAAABACrfokzTjfqEpc7tbu4shA+/UPkglSz+HYp+1OEhEDjp3tkA\nxpsh2tvsLCfFn+34+2QfFm/LuSREUsBme/zH+lq49t70ZQe3u+FcwY7dlNlie3J6\nOFSOq2Ui2ub8kWvrl3zAMQPzu2U27guCAd1eXLQ20DH+cAybneNAYIhIV5R7Lwyh\nF5R0Dc9jv1oa+F1sfjkCxhrY8LkH4z2KO1pHoCHizRg6qgzJD8XwdGR+W+gup0fe\nRZfdrzkQDs4eVgSO2MVoJsR+z+gC537SeBAeC/rsLPJIZfpfBqzPUGQ7giO4Ig9k\nML6Jl16GybLl4s31LcDh0Ho3WfHKfiiqMHLVu1YAAAEBAPGu4f3hQWcYkN9bblWG\nB1rGgwQbZF3qJpGfZyI12mPJ25CpwOfbqaWuk1kXDxArfEHAjPqYiYSVq/PJFjvk\nejqbxo8DsLEUnsHKhukAW/pLdtAH2bEPzvS0UX+Ki+ekGxrqhqdaIbMiy0xeD/F2\nG1+xuQnRsqbQ53BWcxjqVe4lUnF9SGUpM8R0FKfPqGM88RSbtNA5E7K9T9fBG/k0\nH9SPG4oWRnIpxAvcXguLnffoR5hidl74a/O+bf/RcyxjOEsKvOgqSaRq3WS6kHyu\nkgLEWrsem2qwy+VP1neLuoWchl3yxLNOWD0f8G2US8oAC6fBndl93FnJ2xTQfBhK\nmTUAAAEBAMpUup226QjbDpOl0aF5d3+7UweT3kXurv2kkUL6+0fNhYRRP6X6Ifpe\n+1KHi9OgkgfOPr2SB1x7zHc/asne5U+WYNIms1OwoKpChoQEHQIlziUgvrZb6oBF\nX/j8DOlGZxVLVVxsZpkBtHgV5Tek7lO3yWOJ543f3w4dykygWwy3TplpfwiUjHhQ\nVr7UZtXL7G182U4Hz/IpQ8pab1LIpi2vZ33/50Ths9n0PlzIpZgzcY+oJWLyRJwc\nhXULktQTq75laoIHY17BnPWywG3cGuwXL5FHdw2xrsDTccfKL38n/6nA1TZYPm2s\nmqZUCQFVXba4G53RMpM5t2boB8b5/ZUAAAAAAQID\n-----END OPENSSH PRIVATE KEY-----\n",
            "private_key_pem": "-----BEGIN RSA PRIVATE KEY-----\nMIIJKAIBAAKCAgEAvwP74nAs6F5UCJYhgppiq2dQCW+t209kPoT0bXQJJDpxwvON\nQuDa7MP3MLFp57bYmfY5w+gCxwFrDYQh1GjgL9R7rjKBP34jN3uo6Zic0YxE0G38\nbAS80Zdw+5+kfyK0kHNW/d696tEk/jGmY1/rBhV2IVm0u+/ZfHNzEVES7qVynSfo\nSJBvPk5SiqoynHAYLobZ/LLfHLcVTAOkr8ldAefJ+YqO4tlqBFK7jNmlG3k6DtZE\nYK7aQ1xExhABJCMQ1+VJExtv9Sgd1kzqUgK/QMDHfJgN5dOGb3Tc52+o3LHK81fa\nUt9jI21dX/r9eIz8M7/gWQWOHMnvlZ/oYIC8AyvaqRytTuILRJoNMEw70TqzBb30\nuurl/DRvZzsZxDgqCBlmVd5YPZ+Q4XjGG+ocMQljNvTMU23ZS9bTQWyOQEt7gmsi\nOHCvmzM4rr24eAKGSxJ/zILvQMVZ9VJmTFn9jPDlGCzMsz17F34Fri24Y/7P9Km8\npgiliP4boHXhQUeVknAZvBQ7PL8TRWXhuthF/GcEhdtsRjGXYlTKFhp59Asf26tz\nnHp5/fGfdmfkc6OTfz0/BBF9ecWeRsJJC/UTDPRRV8pfVenHFV6z0ERbnaWcWIXe\n4EP5t7B8BEPmMp5fYv7mn9r2FNAmeYZjyfjtc0RvF92MBabyC6WHvN9hjNkCAwEA\nAQKCAgAb9QFQywpHmEbEWvTcoKwAWkakmuvfRWdunxcHTgxoeQVdezgZqb9hF+19\n+vl9KI3bOuaJfdOqPNLmT4iEBjWJypevj0TLfjK5VCgMyIFrShRoTTC8vpTEOF4Y\n9eyljvbOjZMV5Rv22lWHvsyTjt5fLZT0nKSPPTOfu2YECtGyjBSSW9zrgfhGLkB2\neyKdMurXJHWTPrrZARLk5UOdVuN9++bb1yPCn/+cUl+Q5en8c2nD8ihf3jej1EVc\nl8sS9u7oKm7flQx13UFAtFE3X5+OYqjP25FtKeBrP7d1SCp24q7JnvodVwSzkrYv\n7hRbKIdhK5wya1W5cPTX+WeReEYMD8px0hK+GtTLH0PoERGbHOkWCgmQ6RVLqrEI\nr9Y/0+NC/qqW+gmdlcAqxkwZ3kqsS1dTurQSPXihwQ0Ty/e1nZSW9oaHWKQcerIw\nEhfGI6XAF1tEDSLbEzCDvce4Bz/6Oulq7LYyYtBBtK9XXQ2Kwa5k2eF6UbNpJDXj\nkeiZhiErc5xZomSLbKcN0QW9sLjJZMgEonNPIThfiFdziXVY34Pb7U0ngQMUK3ZD\nAdygrLjDDSd2fO8G9A96icJdvMd+VaJP6kPEjLvkJGQND6A9GwJtLIw50qp4DKOg\nISrc9V5tKOEW5ZK069KVy7u2Es5F5JpdDqmtktkMcsoZlaKngQKCAQEA8a7h/eFB\nZxiQ31tuVYYHWsaDBBtkXeomkZ9nIjXaY8nbkKnA59uppa6TWRcPECt8QcCM+piJ\nhJWr88kWO+R6OpvGjwOwsRSewcqG6QBb+kt20AfZsQ/O9LRRf4qL56QbGuqGp1oh\nsyLLTF4P8XYbX7G5CdGyptDncFZzGOpV7iVScX1IZSkzxHQUp8+oYzzxFJu00DkT\nsr1P18Eb+TQf1I8bihZGcinEC9xeC4ud9+hHmGJ2Xvhr875t/9FzLGM4Swq86CpJ\npGrdZLqQfK6SAsRaux6barDL5U/Wd4u6hZyGXfLEs05YPR/wbZRLygALp8Gd2X3c\nWcnbFNB8GEqZNQKCAQEAylS6nbbpCNsOk6XRoXl3f7tTB5PeRe6u/aSRQvr7R82F\nhFE/pfoh+l77UoeL06CSB84+vZIHXHvMdz9qyd7lT5Zg0iazU7CgqkKGhAQdAiXO\nJSC+tlvqgEVf+PwM6UZnFUtVXGxmmQG0eBXlN6TuU7fJY4nnjd/fDh3KTKBbDLdO\nmWl/CJSMeFBWvtRm1cvsbXzZTgfP8ilDylpvUsimLa9nff/nROGz2fQ+XMilmDNx\nj6glYvJEnByFdQuS1BOrvmVqggdjXsGc9bLAbdwa7BcvkUd3DbGuwNNxx8ovfyf/\nqcDVNlg+bayaplQJAVVdtrgbndEykzm3ZugHxvn9lQKCAQEArV4qNxhy9iWlJtRL\nnYX7mJ52NWgA422oJSYXsW64LoUKwAdFngzw8Sz9/haQc6T+CZy6hLkPTNCg/Mvu\n6x/GnmxITybyhNSp3ZIOnO3pDO89V5WKD32rk9YV8EvOeGg8GV7LIRmCuyHme+2t\nuiRjFo5CkkyevxN0Mh2RivnuklqrfUXFvOuFexNaDdbkj+uTdJkNZ6DKBJnQwJCC\nJI3Dl5LgynmYJyTWwTtfKyEIPGGfmixnhVDm/35HIg95cwnpw8r8H/7VvN/72NoL\n86S2kM2R2FDoY+xXFzPiQPc24cmaiaIwf/9fRNm4eqK6izjlI328YdvrSW2HfrLf\nkf1RUQKCAQBSSc90IVX5kg4FoqT1hU9Clc8Y/9ygmIh3BB1IHodgFog83kaCnI6B\nI2wXjqUhtuZtYkZGF0QDKx5nSVWHMK4WhlRuY+r/GJDfbhsDSiD6JKIIm5600AE5\nlf2IaApgPY/jKzZWVogLppPdWxpUXTHIvrCbWRThsLEpLph+PaGKNGs1HaDavn+6\n1wHQrtX8EengRayjfa3nET1O6STpiE19ux7eMdu/OgRJmnpahghDNHj1Mi+yZFHf\nJAJrLf/TXQS2dMyygYq6mQfbLY3xoFkat/tSnLwgx6kJJ3XZCbPzhTMHuTN93LnX\nJSHoj7jx3+QzUgF5WAG3uvuKUMgI9tdZAoIBACrfokzTjfqEpc7tbu4shA+/UPkg\nlSz+HYp+1OEhEDjp3tkAxpsh2tvsLCfFn+34+2QfFm/LuSREUsBme/zH+lq49t70\nZQe3u+FcwY7dlNlie3J6OFSOq2Ui2ub8kWvrl3zAMQPzu2U27guCAd1eXLQ20DH+\ncAybneNAYIhIV5R7LwyhF5R0Dc9jv1oa+F1sfjkCxhrY8LkH4z2KO1pHoCHizRg6\nqgzJD8XwdGR+W+gup0feRZfdrzkQDs4eVgSO2MVoJsR+z+gC537SeBAeC/rsLPJI\nZfpfBqzPUGQ7giO4Ig9kML6Jl16GybLl4s31LcDh0Ho3WfHKfiiqMHLVu1Y=\n-----END RSA PRIVATE KEY-----\n",
            "private_key_pem_pkcs8": "-----BEGIN PRIVATE KEY-----\nMIIJQgIBADANBgkqhkiG9w0BAQEFAASCCSwwggkoAgEAAoICAQC/A/vicCzoXlQI\nliGCmmKrZ1AJb63bT2Q+hPRtdAkkOnHC841C4Nrsw/cwsWnnttiZ9jnD6ALHAWsN\nhCHUaOAv1HuuMoE/fiM3e6jpmJzRjETQbfxsBLzRl3D7n6R/IrSQc1b93r3q0ST+\nMaZjX+sGFXYhWbS779l8c3MRURLupXKdJ+hIkG8+TlKKqjKccBguhtn8st8ctxVM\nA6SvyV0B58n5io7i2WoEUruM2aUbeToO1kRgrtpDXETGEAEkIxDX5UkTG2/1KB3W\nTOpSAr9AwMd8mA3l04ZvdNznb6jcscrzV9pS32MjbV1f+v14jPwzv+BZBY4cye+V\nn+hggLwDK9qpHK1O4gtEmg0wTDvROrMFvfS66uX8NG9nOxnEOCoIGWZV3lg9n5Dh\neMYb6hwxCWM29MxTbdlL1tNBbI5AS3uCayI4cK+bMziuvbh4AoZLEn/Mgu9AxVn1\nUmZMWf2M8OUYLMyzPXsXfgWuLbhj/s/0qbymCKWI/hugdeFBR5WScBm8FDs8vxNF\nZeG62EX8ZwSF22xGMZdiVMoWGnn0Cx/bq3Ocenn98Z92Z+Rzo5N/PT8EEX15xZ5G\nwkkL9RMM9FFXyl9V6ccVXrPQRFudpZxYhd7gQ/m3sHwEQ+Yynl9i/uaf2vYU0CZ5\nhmPJ+O1zRG8X3YwFpvILpYe832GM2QIDAQABAoICABv1AVDLCkeYRsRa9NygrABa\nRqSa699FZ26fFwdODGh5BV17OBmpv2EX7X36+X0ojds65ol906o80uZPiIQGNYnK\nl6+PRMt+MrlUKAzIgWtKFGhNMLy+lMQ4Xhj17KWO9s6NkxXlG/baVYe+zJOO3l8t\nlPScpI89M5+7ZgQK0bKMFJJb3OuB+EYuQHZ7Ip0y6tckdZM+utkBEuTlQ51W4337\n5tvXI8Kf/5xSX5Dl6fxzacPyKF/eN6PURVyXyxL27ugqbt+VDHXdQUC0UTdfn45i\nqM/bkW0p4Gs/t3VIKnbirsme+h1XBLOSti/uFFsoh2ErnDJrVblw9Nf5Z5F4RgwP\nynHSEr4a1MsfQ+gREZsc6RYKCZDpFUuqsQiv1j/T40L+qpb6CZ2VwCrGTBneSqxL\nV1O6tBI9eKHBDRPL97WdlJb2hodYpBx6sjASF8YjpcAXW0QNItsTMIO9x7gHP/o6\n6WrstjJi0EG0r1ddDYrBrmTZ4XpRs2kkNeOR6JmGIStznFmiZItspw3RBb2wuMlk\nyASic08hOF+IV3OJdVjfg9vtTSeBAxQrdkMB3KCsuMMNJ3Z87wb0D3qJwl28x35V\nok/qQ8SMu+QkZA0PoD0bAm0sjDnSqngMo6AhKtz1Xm0o4RblkrTr0pXLu7YSzkXk\nml0Oqa2S2QxyyhmVoqeBAoIBAQDxruH94UFnGJDfW25VhgdaxoMEG2Rd6iaRn2ci\nNdpjyduQqcDn26mlrpNZFw8QK3xBwIz6mImElavzyRY75Ho6m8aPA7CxFJ7Byobp\nAFv6S3bQB9mxD870tFF/iovnpBsa6oanWiGzIstMXg/xdhtfsbkJ0bKm0OdwVnMY\n6lXuJVJxfUhlKTPEdBSnz6hjPPEUm7TQOROyvU/XwRv5NB/UjxuKFkZyKcQL3F4L\ni5336EeYYnZe+Gvzvm3/0XMsYzhLCrzoKkmkat1kupB8rpICxFq7HptqsMvlT9Z3\ni7qFnIZd8sSzTlg9H/BtlEvKAAunwZ3ZfdxZydsU0HwYSpk1AoIBAQDKVLqdtukI\n2w6TpdGheXd/u1MHk95F7q79pJFC+vtHzYWEUT+l+iH6XvtSh4vToJIHzj69kgdc\ne8x3P2rJ3uVPlmDSJrNTsKCqQoaEBB0CJc4lIL62W+qARV/4/AzpRmcVS1VcbGaZ\nAbR4FeU3pO5Tt8ljieeN398OHcpMoFsMt06ZaX8IlIx4UFa+1GbVy+xtfNlOB8/y\nKUPKWm9SyKYtr2d9/+dE4bPZ9D5cyKWYM3GPqCVi8kScHIV1C5LUE6u+ZWqCB2Ne\nwZz1ssBt3BrsFy+RR3cNsa7A03HHyi9/J/+pwNU2WD5trJqmVAkBVV22uBud0TKT\nObdm6AfG+f2VAoIBAQCtXio3GHL2JaUm1EudhfuYnnY1aADjbaglJhexbrguhQrA\nB0WeDPDxLP3+FpBzpP4JnLqEuQ9M0KD8y+7rH8aebEhPJvKE1Kndkg6c7ekM7z1X\nlYoPfauT1hXwS854aDwZXsshGYK7IeZ77a26JGMWjkKSTJ6/E3QyHZGK+e6SWqt9\nRcW864V7E1oN1uSP65N0mQ1noMoEmdDAkIIkjcOXkuDKeZgnJNbBO18rIQg8YZ+a\nLGeFUOb/fkciD3lzCenDyvwf/tW83/vY2gvzpLaQzZHYUOhj7FcXM+JA9zbhyZqJ\nojB//19E2bh6orqLOOUjfbxh2+tJbYd+st+R/VFRAoIBAFJJz3QhVfmSDgWipPWF\nT0KVzxj/3KCYiHcEHUgeh2AWiDzeRoKcjoEjbBeOpSG25m1iRkYXRAMrHmdJVYcw\nrhaGVG5j6v8YkN9uGwNKIPokogibnrTQATmV/YhoCmA9j+MrNlZWiAumk91bGlRd\nMci+sJtZFOGwsSkumH49oYo0azUdoNq+f7rXAdCu1fwR6eBFrKN9recRPU7pJOmI\nTX27Ht4x2786BEmaelqGCEM0ePUyL7JkUd8kAmst/9NdBLZ0zLKBirqZB9stjfGg\nWRq3+1KcvCDHqQknddkJs/OFMwe5M33cudclIeiPuPHf5DNSAXlYAbe6+4pQyAj2\n11kCggEAKt+iTNON+oSlzu1u7iyED79Q+SCVLP4din7U4SEQOOne2QDGmyHa2+ws\nJ8Wf7fj7ZB8Wb8u5JERSwGZ7/Mf6Wrj23vRlB7e74VzBjt2U2WJ7cno4VI6rZSLa\n5vyRa+uXfMAxA/O7ZTbuC4IB3V5ctDbQMf5wDJud40BgiEhXlHsvDKEXlHQNz2O/\nWhr4XWx+OQLGGtjwuQfjPYo7WkegIeLNGDqqDMkPxfB0ZH5b6C6nR95Fl92vORAO\nzh5WBI7YxWgmxH7P6ALnftJ4EB4L+uws8khl+l8GrM9QZDuCI7giD2QwvomXXobJ\nsuXizfUtwOHQejdZ8cp+KKowctW7Vg==\n-----END PRIVATE KEY-----\n",
            "public_key_fingerprint_md5": "d2:e5:96:c2:05:01:8c:a1:92:4e:d6:21:b2:ed:ad:1f",
            "public_key_fingerprint_sha256": "SHA256:ZI1EnmkKc8wRlIShRfzyxg6/IdzGaXfnoq2+6y017Fo",
            "public_key_openssh": "ssh-rsa AAAAB3NzaC1yc2EAAAADAQABAAACAQC/A/vicCzoXlQIliGCmmKrZ1AJb63bT2Q+hPRtdAkkOnHC841C4Nrsw/cwsWnnttiZ9jnD6ALHAWsNhCHUaOAv1HuuMoE/fiM3e6jpmJzRjETQbfxsBLzRl3D7n6R/IrSQc1b93r3q0ST+MaZjX+sGFXYhWbS779l8c3MRURLupXKdJ+hIkG8+TlKKqjKccBguhtn8st8ctxVMA6SvyV0B58n5io7i2WoEUruM2aUbeToO1kRgrtpDXETGEAEkIxDX5UkTG2/1KB3WTOpSAr9AwMd8mA3l04ZvdNznb6jcscrzV9pS32MjbV1f+v14jPwzv+BZBY4cye+Vn+hggLwDK9qpHK1O4gtEmg0wTDvROrMFvfS66uX8NG9nOxnEOCoIGWZV3lg9n5DheMYb6hwxCWM29MxTbdlL1tNBbI5AS3uCayI4cK+bMziuvbh4AoZLEn/Mgu9AxVn1UmZMWf2M8OUYLMyzPXsXfgWuLbhj/s/0qbymCKWI/hugdeFBR5WScBm8FDs8vxNFZeG62EX8ZwSF22xGMZdiVMoWGnn0Cx/bq3Ocenn98Z92Z+Rzo5N/PT8EEX15xZ5GwkkL9RMM9FFXyl9V6ccVXrPQRFudpZxYhd7gQ/m3sHwEQ+Yynl9i/uaf2vYU0CZ5hmPJ+O1zRG8X3YwFpvILpYe832GM2Q==\n",
            "public_key_pem": "-----BEGIN PUBLIC KEY-----\nMIICIjANBgkqhkiG9w0BAQEFAAOCAg8AMIICCgKCAgEAvwP74nAs6F5UCJYhgppi\nq2dQCW+t209kPoT0bXQJJDpxwvONQuDa7MP3MLFp57bYmfY5w+gCxwFrDYQh1Gjg\nL9R7rjKBP34jN3uo6Zic0YxE0G38bAS80Zdw+5+kfyK0kHNW/d696tEk/jGmY1/r\nBhV2IVm0u+/ZfHNzEVES7qVynSfoSJBvPk5SiqoynHAYLobZ/LLfHLcVTAOkr8ld\nAefJ+YqO4tlqBFK7jNmlG3k6DtZEYK7aQ1xExhABJCMQ1+VJExtv9Sgd1kzqUgK/\nQMDHfJgN5dOGb3Tc52+o3LHK81faUt9jI21dX/r9eIz8M7/gWQWOHMnvlZ/oYIC8\nAyvaqRytTuILRJoNMEw70TqzBb30uurl/DRvZzsZxDgqCBlmVd5YPZ+Q4XjGG+oc\nMQljNvTMU23ZS9bTQWyOQEt7gmsiOHCvmzM4rr24eAKGSxJ/zILvQMVZ9VJmTFn9\njPDlGCzMsz17F34Fri24Y/7P9Km8pgiliP4boHXhQUeVknAZvBQ7PL8TRWXhuthF\n/GcEhdtsRjGXYlTKFhp59Asf26tznHp5/fGfdmfkc6OTfz0/BBF9ecWeRsJJC/UT\nDPRRV8pfVenHFV6z0ERbnaWcWIXe4EP5t7B8BEPmMp5fYv7mn9r2FNAmeYZjyfjt\nc0RvF92MBabyC6WHvN9hjNkCAwEAAQ==\n-----END PUBLIC KEY-----\n",
            "rsa_bits": 4096
          },
          "sensitive_attributes": []
        }
      ]
    }
  ]
}
